// !$*UTF8*$!
{
	archiveVersion = 1;
	classes = {
	};
	objectVersion = 46;
	objects = {
		AF4B816F1CBE17FCA504DE0D = {
			isa = PBXBuildFile;
			fileRef = 2959B8600AEE90EEE0B9186F;
		};
		B784AC0205539648DDB74AFE = {
			isa = PBXBuildFile;
			fileRef = 5FBB217CBE4F0DA76A27CEA4;
		};
		767EC9A56F114972975BACFD = {
			isa = PBXBuildFile;
			fileRef = 056ABB959E4D90C9DDEE7A74;
		};
		E972CF35F5F7D128623DEA3D = {
			isa = PBXBuildFile;
			fileRef = 5B2FEF95824ECE0E988BF656;
		};
		CDD1209ACD0138D93ADD1D14 = {
			isa = PBXBuildFile;
			fileRef = 690CCE154B685BBD211A952C;
		};
		FC9198A9E3E14C809FFC6143 = {
			isa = PBXBuildFile;
			fileRef = 587EF849C22560C6BDCB220A;
		};
		AD7DCBA1DD8F6AE125F07D22 = {
			isa = PBXBuildFile;
			fileRef = EB50040653AFBA60D4E1808F;
		};
		A3F49545C60E5A62ED010276 = {
			isa = PBXBuildFile;
			fileRef = 5978370E8502F139DF2414BE;
		};
		25CC400BB4F40F3BACE79C34 = {
			isa = PBXBuildFile;
			fileRef = 9BDBE8828E6C3A5992548529;
		};
		8AC6B70C33743B4F45053C55 = {
			isa = PBXBuildFile;
			fileRef = CF367B90EC4D1C49412BE85A;
		};
		A352A40BB68B3EB16D63D6F9 = {
			isa = PBXBuildFile;
			fileRef = 738BD3735E7F1B8F54FF251D;
		};
		C97EA0E331E60A8379FC1DC3 = {
			isa = PBXBuildFile;
			fileRef = 238096AD3D7A5D8B68F70C58;
		};
		5408FD109D7CD267A4D636DC = {
			isa = PBXBuildFile;
			fileRef = 9379C4428A2089396D5DDFCB;
		};
		F7A119A8FF6867B9FF8E9786 = {
			isa = PBXBuildFile;
			fileRef = 687E08F726363C89147159EF;
		};
		59A773A6AA97BB324F251693 = {
			isa = PBXBuildFile;
			fileRef = 21B5EE16A4E4CA6EA9E6EDA5;
		};
		4C3A213956857F9BF3787CFF = {
			isa = PBXBuildFile;
			fileRef = 12D7A8B14CE11726C4212862;
		};
		3B797DB8A07D9E4FD70F6DB6 = {
			isa = PBXBuildFile;
			fileRef = 79C2BBE5D18DD8CDA7751DB0;
		};
		0DE280829C3C2E6C843D1352 = {
			isa = PBXBuildFile;
			fileRef = 89067E4366384B6AA24910BF;
		};
		4426390DFB715CCA08A97B8F = {
			isa = PBXBuildFile;
			fileRef = 23B164E28AE55FD60C87E9CF;
		};
		15101E9F43333AEF29B3B25E = {
			isa = PBXBuildFile;
			fileRef = B52D3B35264466B7A6DB63A8;
		};
		3604A2BBA71DE0D16F954132 = {
			isa = PBXBuildFile;
			fileRef = F03904A4D909DF503A27E077;
		};
		AC8A1986AD9085B1F9DE262D = {
			isa = PBXBuildFile;
			fileRef = A51E573375101EE648DC3651;
		};
		D022ED9A98528725AEB1DEEB = {
			isa = PBXBuildFile;
			fileRef = 293FBC3C92F97D78362AE037;
		};
		9F96096D37F74F34FCE4E19D = {
			isa = PBXBuildFile;
			fileRef = 94F15F68C503A0DF97422D44;
		};
		8FB19D3DEB83226B9FAD4330 = {
			isa = PBXBuildFile;
			fileRef = ED05EFDCBF7C76E57B226496;
		};
		DF82182C23E62C8D8FC6C890 = {
			isa = PBXBuildFile;
			fileRef = 457EA41E24C2DC1789B9A8A1;
		};
		6D09279D5038D4B2AFE7A752 = {
			isa = PBXBuildFile;
			fileRef = 1FC35EA1753B24EA21DB1DEA;
		};
		B42774ED9C28B65EAE139C9A = {
			isa = PBXBuildFile;
			fileRef = EA0D40FF4C184BFA1496E000;
		};
		3D24DBDFB689BA0404AD221F = {
			isa = PBXBuildFile;
			fileRef = D08687791BB8FD694B502E0F;
		};
		56730C38EC71B5734DDC2011 = {
			isa = PBXBuildFile;
			fileRef = 7E8B753DB2A8DF89ED190CB2;
		};
		027447B3C3AE71FF2DD64F72 = {
			isa = PBXBuildFile;
			fileRef = CA842CB88D40D6676B9A4C5E;
		};
		2D06F01404B710F7A48E6D4E = {
			isa = PBXBuildFile;
			fileRef = 9A07CE96B91D4E520E5874FD;
		};
		21394D1DF6F0351790EEA82D = {
			isa = PBXBuildFile;
			fileRef = 921591506A4B4AE9875DACD9;
		};
		B0D45F997241896504BE3F8D = {
			isa = PBXBuildFile;
			fileRef = D020D7F716AE9CE3BE60DDBE;
		};
		C5854DE15EF7D1910F1D60A2 = {
			isa = PBXBuildFile;
			fileRef = 785094B010350F79A39F4A9C;
		};
		B8CF63C02E093AA649F81110 = {
			isa = PBXBuildFile;
			fileRef = 5CB2135176369D485D2B22FC;
		};
		32811CC5A2BD7258DB7714FE = {
			isa = PBXBuildFile;
			fileRef = 9AADC33FDA2BDD459A6174E6;
		};
		7B5D4F87D3D216708DED11D0 = {
			isa = PBXBuildFile;
			fileRef = 84323B6BD0D836949E052373;
		};
		D6AC8F9BD2481C81714AFA1D = {
			isa = PBXBuildFile;
			fileRef = A01F48173724A2010E56CE68;
		};
		21B5EE16A4E4CA6EA9E6EDA5 = {
			isa = PBXFileReference;
			lastKnownFileType = wrapper.framework;
			name = IOKit.framework;
			path = System/Library/Frameworks/IOKit.framework;
			sourceTree = SDKROOT;
		};
		2959B8600AEE90EEE0B9186F = {
			isa = PBXFileReference;
			explicitFileType = wrapper.cfbundle;
			includeInIndex = 0;
			path = ViatorChannelStrip.vst3;
			sourceTree = "BUILT_PRODUCTS_DIR";
		};
		5FBB217CBE4F0DA76A27CEA4 = {
			isa = PBXFileReference;
			explicitFileType = wrapper.cfbundle;
			includeInIndex = 0;
			path = ViatorChannelStrip.component;
			sourceTree = "BUILT_PRODUCTS_DIR";
		};
		056ABB959E4D90C9DDEE7A74 = {
			isa = PBXFileReference;
			explicitFileType = wrapper.application;
			includeInIndex = 0;
			path = ViatorChannelStrip.app;
			sourceTree = "BUILT_PRODUCTS_DIR";
		};
		0FEDD7D4BCA289B5A2915DFF = {
			isa = PBXFileReference;
			lastKnownFileType = sourcecode.c.h;
			name = JucePluginDefines.h;
			path = ../../JuceLibraryCode/JucePluginDefines.h;
			sourceTree = "SOURCE_ROOT";
		};
		12D7A8B14CE11726C4212862 = {
			isa = PBXFileReference;
			lastKnownFileType = wrapper.framework;
			name = QuartzCore.framework;
			path = System/Library/Frameworks/QuartzCore.framework;
			sourceTree = SDKROOT;
		};
		1CB144BBF47705DE9A8C393F = {
			isa = PBXFileReference;
			lastKnownFileType = text.plist.xml;
			name = "Info-AU.plist";
			path = "Info-AU.plist";
			sourceTree = "SOURCE_ROOT";
		};
		1FC35EA1753B24EA21DB1DEA = {
			isa = PBXFileReference;
			lastKnownFileType = sourcecode.cpp.cpp;
			name = "include_juce_audio_plugin_client_Standalone.cpp";
			path = "../../JuceLibraryCode/include_juce_audio_plugin_client_Standalone.cpp";
			sourceTree = "SOURCE_ROOT";
		};
		233E4C14BF396D1FE8B96CC4 = {
			isa = PBXFileReference;
			lastKnownFileType = file;
			name = "juce_data_structures";
			path = "/Users/land00m/Documents/JUCE/modules/juce_data_structures";
			sourceTree = "<absolute>";
		};
		238096AD3D7A5D8B68F70C58 = {
			isa = PBXFileReference;
			lastKnownFileType = wrapper.framework;
			name = CoreMIDI.framework;
			path = System/Library/Frameworks/CoreMIDI.framework;
			sourceTree = SDKROOT;
		};
		23B164E28AE55FD60C87E9CF = {
			isa = PBXFileReference;
			lastKnownFileType = sourcecode.cpp.cpp;
			name = PluginProcessor.cpp;
			path = ../../Source/PluginProcessor.cpp;
			sourceTree = "SOURCE_ROOT";
		};
		293FBC3C92F97D78362AE037 = {
			isa = PBXFileReference;
			lastKnownFileType = sourcecode.cpp.objcpp;
			name = "include_juce_audio_formats.mm";
			path = "../../JuceLibraryCode/include_juce_audio_formats.mm";
			sourceTree = "SOURCE_ROOT";
		};
		2B7D37344AB75C37E4446D17 = {
			isa = PBXFileReference;
			lastKnownFileType = file;
			name = "juce_audio_basics";
			path = "/Users/land00m/Documents/JUCE/modules/juce_audio_basics";
			sourceTree = "<absolute>";
		};
		2B8C66193F0A4C6D9C584E37 = {
			isa = PBXFileReference;
			lastKnownFileType = file;
			name = "juce_audio_plugin_client";
			path = "/Users/land00m/Documents/JUCE/modules/juce_audio_plugin_client";
			sourceTree = "<absolute>";
		};
		39607AB939B8B8A4962988E4 = {
			isa = PBXFileReference;
			lastKnownFileType = text.plist.xml;
			name = "Info-Standalone_Plugin.plist";
			path = "Info-Standalone_Plugin.plist";
			sourceTree = "SOURCE_ROOT";
		};
		457EA41E24C2DC1789B9A8A1 = {
			isa = PBXFileReference;
			lastKnownFileType = sourcecode.cpp.objcpp;
			name = "include_juce_audio_plugin_client_AU_2.mm";
			path = "../../JuceLibraryCode/include_juce_audio_plugin_client_AU_2.mm";
			sourceTree = "SOURCE_ROOT";
		};
		46E5C35650551DDB2A46CB6D = {
			isa = PBXFileReference;
			lastKnownFileType = file;
			name = "juce_audio_formats";
			path = "/Users/land00m/Documents/JUCE/modules/juce_audio_formats";
			sourceTree = "<absolute>";
		};
		521134D82644C8DC649723CC = {
			isa = PBXFileReference;
			lastKnownFileType = file;
			name = "juce_events";
			path = "/Users/land00m/Documents/JUCE/modules/juce_events";
			sourceTree = "<absolute>";
		};
		587EF849C22560C6BDCB220A = {
			isa = PBXFileReference;
			lastKnownFileType = wrapper.framework;
			name = Accelerate.framework;
			path = System/Library/Frameworks/Accelerate.framework;
			sourceTree = SDKROOT;
		};
		5978370E8502F139DF2414BE = {
			isa = PBXFileReference;
			lastKnownFileType = wrapper.framework;
			name = Carbon.framework;
			path = System/Library/Frameworks/Carbon.framework;
			sourceTree = SDKROOT;
		};
		5B2FEF95824ECE0E988BF656 = {
			isa = PBXFileReference;
			explicitFileType = archive.ar;
			includeInIndex = 0;
			path = libViatorChannelStrip.a;
			sourceTree = "BUILT_PRODUCTS_DIR";
		};
		5CB2135176369D485D2B22FC = {
			isa = PBXFileReference;
			lastKnownFileType = sourcecode.cpp.objcpp;
			name = "include_juce_events.mm";
			path = "../../JuceLibraryCode/include_juce_events.mm";
			sourceTree = "SOURCE_ROOT";
		};
		5EBF3D4B73A0CC7586E63B76 = {
			isa = PBXFileReference;
			lastKnownFileType = file;
			name = "juce_graphics";
			path = "/Users/land00m/Documents/JUCE/modules/juce_graphics";
			sourceTree = "<absolute>";
		};
		5EE789491904C296A3C17C99 = {
			isa = PBXFileReference;
			lastKnownFileType = sourcecode.c.h;
			name = JuceHeader.h;
			path = ../../JuceLibraryCode/JuceHeader.h;
			sourceTree = "SOURCE_ROOT";
		};
		64E6AE8BE4DCD11477E99D47 = {
			isa = PBXFileReference;
			lastKnownFileType = file;
			name = "juce_gui_extra";
			path = "/Users/land00m/Documents/JUCE/modules/juce_gui_extra";
			sourceTree = "<absolute>";
		};
		687E08F726363C89147159EF = {
			isa = PBXFileReference;
			lastKnownFileType = wrapper.framework;
			name = Foundation.framework;
			path = System/Library/Frameworks/Foundation.framework;
			sourceTree = SDKROOT;
		};
		690CCE154B685BBD211A952C = {
			isa = PBXFileReference;
			lastKnownFileType = wrapper.framework;
			name = AudioUnit.framework;
			path = System/Library/Frameworks/AudioUnit.framework;
			sourceTree = SDKROOT;
		};
		738BD3735E7F1B8F54FF251D = {
			isa = PBXFileReference;
			lastKnownFileType = wrapper.framework;
			name = CoreAudioKit.framework;
			path = System/Library/Frameworks/CoreAudioKit.framework;
			sourceTree = SDKROOT;
		};
		785094B010350F79A39F4A9C = {
			isa = PBXFileReference;
			lastKnownFileType = sourcecode.cpp.objcpp;
			name = "include_juce_dsp.mm";
			path = "../../JuceLibraryCode/include_juce_dsp.mm";
			sourceTree = "SOURCE_ROOT";
		};
		79C2BBE5D18DD8CDA7751DB0 = {
			isa = PBXFileReference;
			lastKnownFileType = wrapper.framework;
			name = WebKit.framework;
			path = System/Library/Frameworks/WebKit.framework;
			sourceTree = SDKROOT;
		};
		7E8B753DB2A8DF89ED190CB2 = {
			isa = PBXFileReference;
			lastKnownFileType = sourcecode.cpp.cpp;
			name = "include_juce_audio_plugin_client_VST3.cpp";
			path = "../../JuceLibraryCode/include_juce_audio_plugin_client_VST3.cpp";
			sourceTree = "SOURCE_ROOT";
		};
		84323B6BD0D836949E052373 = {
			isa = PBXFileReference;
			lastKnownFileType = sourcecode.cpp.objcpp;
			name = "include_juce_gui_basics.mm";
			path = "../../JuceLibraryCode/include_juce_gui_basics.mm";
			sourceTree = "SOURCE_ROOT";
		};
		88B04336DF9D330180FB1339 = {
			isa = PBXFileReference;
			lastKnownFileType = file;
			name = "juce_audio_utils";
			path = "/Users/land00m/Documents/JUCE/modules/juce_audio_utils";
			sourceTree = "<absolute>";
		};
		89067E4366384B6AA24910BF = {
			isa = PBXFileReference;
			lastKnownFileType = file.nib;
			name = RecentFilesMenuTemplate.nib;
			path = RecentFilesMenuTemplate.nib;
			sourceTree = "SOURCE_ROOT";
		};
		921591506A4B4AE9875DACD9 = {
			isa = PBXFileReference;
			lastKnownFileType = sourcecode.cpp.objcpp;
			name = "include_juce_core.mm";
			path = "../../JuceLibraryCode/include_juce_core.mm";
			sourceTree = "SOURCE_ROOT";
		};
		9379C4428A2089396D5DDFCB = {
			isa = PBXFileReference;
			lastKnownFileType = wrapper.framework;
			name = DiscRecording.framework;
			path = System/Library/Frameworks/DiscRecording.framework;
			sourceTree = SDKROOT;
		};
		94F15F68C503A0DF97422D44 = {
			isa = PBXFileReference;
			lastKnownFileType = file.r;
			name = "include_juce_audio_plugin_client_AU.r";
			path = "../../JuceLibraryCode/include_juce_audio_plugin_client_AU.r";
			sourceTree = "SOURCE_ROOT";
		};
		9A07CE96B91D4E520E5874FD = {
			isa = PBXFileReference;
			lastKnownFileType = sourcecode.cpp.objcpp;
			name = "include_juce_audio_utils.mm";
			path = "../../JuceLibraryCode/include_juce_audio_utils.mm";
			sourceTree = "SOURCE_ROOT";
		};
		9AADC33FDA2BDD459A6174E6 = {
			isa = PBXFileReference;
			lastKnownFileType = sourcecode.cpp.objcpp;
			name = "include_juce_graphics.mm";
			path = "../../JuceLibraryCode/include_juce_graphics.mm";
			sourceTree = "SOURCE_ROOT";
		};
		9BDBE8828E6C3A5992548529 = {
			isa = PBXFileReference;
			lastKnownFileType = wrapper.framework;
			name = Cocoa.framework;
			path = System/Library/Frameworks/Cocoa.framework;
			sourceTree = SDKROOT;
		};
		A01F48173724A2010E56CE68 = {
			isa = PBXFileReference;
			lastKnownFileType = sourcecode.cpp.objcpp;
			name = "include_juce_gui_extra.mm";
			path = "../../JuceLibraryCode/include_juce_gui_extra.mm";
			sourceTree = "SOURCE_ROOT";
		};
		A51E573375101EE648DC3651 = {
			isa = PBXFileReference;
			lastKnownFileType = sourcecode.cpp.objcpp;
			name = "include_juce_audio_devices.mm";
			path = "../../JuceLibraryCode/include_juce_audio_devices.mm";
			sourceTree = "SOURCE_ROOT";
		};
		B23D2868C0CABB44FB8B08F1 = {
			isa = PBXFileReference;
			lastKnownFileType = file;
			name = "juce_gui_basics";
			path = "/Users/land00m/Documents/JUCE/modules/juce_gui_basics";
			sourceTree = "<absolute>";
		};
		B52D3B35264466B7A6DB63A8 = {
			isa = PBXFileReference;
			lastKnownFileType = sourcecode.cpp.cpp;
			name = PluginEditor.cpp;
			path = ../../Source/PluginEditor.cpp;
			sourceTree = "SOURCE_ROOT";
		};
		BF7107658D5ABCBC51C5F2B5 = {
			isa = PBXFileReference;
			lastKnownFileType = file;
			name = "juce_core";
			path = "/Users/land00m/Documents/JUCE/modules/juce_core";
			sourceTree = "<absolute>";
		};
		C2732F447E1C4BC2777B059E = {
			isa = PBXFileReference;
			lastKnownFileType = sourcecode.c.h;
			name = PluginProcessor.h;
			path = ../../Source/PluginProcessor.h;
			sourceTree = "SOURCE_ROOT";
		};
		CA842CB88D40D6676B9A4C5E = {
			isa = PBXFileReference;
			lastKnownFileType = sourcecode.cpp.objcpp;
			name = "include_juce_audio_processors.mm";
			path = "../../JuceLibraryCode/include_juce_audio_processors.mm";
			sourceTree = "SOURCE_ROOT";
		};
		CF367B90EC4D1C49412BE85A = {
			isa = PBXFileReference;
			lastKnownFileType = wrapper.framework;
			name = CoreAudio.framework;
			path = System/Library/Frameworks/CoreAudio.framework;
			sourceTree = SDKROOT;
		};
		D020D7F716AE9CE3BE60DDBE = {
			isa = PBXFileReference;
			lastKnownFileType = sourcecode.cpp.objcpp;
			name = "include_juce_data_structures.mm";
			path = "../../JuceLibraryCode/include_juce_data_structures.mm";
			sourceTree = "SOURCE_ROOT";
		};
		D08687791BB8FD694B502E0F = {
			isa = PBXFileReference;
			lastKnownFileType = sourcecode.cpp.objcpp;
			name = "include_juce_audio_plugin_client_VST_utils.mm";
			path = "../../JuceLibraryCode/include_juce_audio_plugin_client_VST_utils.mm";
			sourceTree = "SOURCE_ROOT";
		};
		D230FDCA0C382872FFD666B6 = {
			isa = PBXFileReference;
			lastKnownFileType = text.plist.xml;
			name = "Info-VST3.plist";
			path = "Info-VST3.plist";
			sourceTree = "SOURCE_ROOT";
		};
		D250BC13B940D2B96C0827FA = {
			isa = PBXFileReference;
			lastKnownFileType = file;
			name = "juce_audio_processors";
			path = "/Users/land00m/Documents/JUCE/modules/juce_audio_processors";
			sourceTree = "<absolute>";
		};
		E8217C8F5F3290FC3D5BF858 = {
			isa = PBXFileReference;
			lastKnownFileType = file;
			name = "juce_dsp";
			path = "/Users/land00m/Documents/JUCE/modules/juce_dsp";
			sourceTree = "<absolute>";
		};
		EA0D40FF4C184BFA1496E000 = {
			isa = PBXFileReference;
			lastKnownFileType = sourcecode.cpp.cpp;
			name = "include_juce_audio_plugin_client_utils.cpp";
			path = "../../JuceLibraryCode/include_juce_audio_plugin_client_utils.cpp";
			sourceTree = "SOURCE_ROOT";
		};
		EB50040653AFBA60D4E1808F = {
			isa = PBXFileReference;
			lastKnownFileType = wrapper.framework;
			name = AudioToolbox.framework;
			path = System/Library/Frameworks/AudioToolbox.framework;
			sourceTree = SDKROOT;
		};
		ED05EFDCBF7C76E57B226496 = {
			isa = PBXFileReference;
			lastKnownFileType = sourcecode.cpp.objcpp;
			name = "include_juce_audio_plugin_client_AU_1.mm";
			path = "../../JuceLibraryCode/include_juce_audio_plugin_client_AU_1.mm";
			sourceTree = "SOURCE_ROOT";
		};
		F03904A4D909DF503A27E077 = {
			isa = PBXFileReference;
			lastKnownFileType = sourcecode.cpp.objcpp;
			name = "include_juce_audio_basics.mm";
			path = "../../JuceLibraryCode/include_juce_audio_basics.mm";
			sourceTree = "SOURCE_ROOT";
		};
		F0D2BC7C359484B1E12B0E06 = {
			isa = PBXFileReference;
			lastKnownFileType = file;
			name = "juce_audio_devices";
			path = "/Users/land00m/Documents/JUCE/modules/juce_audio_devices";
			sourceTree = "<absolute>";
		};
		F67DDCD923BCBC954D1B24EE = {
			isa = PBXFileReference;
			lastKnownFileType = sourcecode.c.h;
			name = PluginEditor.h;
			path = ../../Source/PluginEditor.h;
			sourceTree = "SOURCE_ROOT";
		};
		A9F399A737A3CB6E993530FF = {
			isa = PBXGroup;
			children = (
				23B164E28AE55FD60C87E9CF,
				C2732F447E1C4BC2777B059E,
				B52D3B35264466B7A6DB63A8,
				F67DDCD923BCBC954D1B24EE,
			);
			name = Source;
			sourceTree = "<group>";
		};
		456B1A2D72CD7816E69411C3 = {
			isa = PBXGroup;
			children = (
				A9F399A737A3CB6E993530FF,
			);
			name = ViatorChannelStrip;
			sourceTree = "<group>";
		};
		CC9E3B9DAAAF528401462725 = {
			isa = PBXGroup;
			children = (
				2B7D37344AB75C37E4446D17,
				F0D2BC7C359484B1E12B0E06,
				46E5C35650551DDB2A46CB6D,
				2B8C66193F0A4C6D9C584E37,
				D250BC13B940D2B96C0827FA,
				88B04336DF9D330180FB1339,
				BF7107658D5ABCBC51C5F2B5,
				233E4C14BF396D1FE8B96CC4,
				E8217C8F5F3290FC3D5BF858,
				521134D82644C8DC649723CC,
				5EBF3D4B73A0CC7586E63B76,
				B23D2868C0CABB44FB8B08F1,
				64E6AE8BE4DCD11477E99D47,
			);
			name = "JUCE Modules";
			sourceTree = "<group>";
		};
		3FA49DF47BB7DBF8E464E3DA = {
			isa = PBXGroup;
			children = (
				F03904A4D909DF503A27E077,
				A51E573375101EE648DC3651,
				293FBC3C92F97D78362AE037,
				94F15F68C503A0DF97422D44,
				ED05EFDCBF7C76E57B226496,
				457EA41E24C2DC1789B9A8A1,
				1FC35EA1753B24EA21DB1DEA,
				EA0D40FF4C184BFA1496E000,
				D08687791BB8FD694B502E0F,
				7E8B753DB2A8DF89ED190CB2,
				CA842CB88D40D6676B9A4C5E,
				9A07CE96B91D4E520E5874FD,
				921591506A4B4AE9875DACD9,
				D020D7F716AE9CE3BE60DDBE,
				785094B010350F79A39F4A9C,
				5CB2135176369D485D2B22FC,
				9AADC33FDA2BDD459A6174E6,
				84323B6BD0D836949E052373,
				A01F48173724A2010E56CE68,
				5EE789491904C296A3C17C99,
				0FEDD7D4BCA289B5A2915DFF,
			);
			name = "JUCE Library Code";
			sourceTree = "<group>";
		};
		77EF4042FD45E6F0A76762D3 = {
			isa = PBXGroup;
			children = (
				D230FDCA0C382872FFD666B6,
				1CB144BBF47705DE9A8C393F,
				39607AB939B8B8A4962988E4,
				89067E4366384B6AA24910BF,
			);
			name = Resources;
			sourceTree = "<group>";
		};
		07877A2F6F1E0108B191E857 = {
			isa = PBXGroup;
			children = (
				690CCE154B685BBD211A952C,
				587EF849C22560C6BDCB220A,
				EB50040653AFBA60D4E1808F,
				5978370E8502F139DF2414BE,
				9BDBE8828E6C3A5992548529,
				CF367B90EC4D1C49412BE85A,
				738BD3735E7F1B8F54FF251D,
				238096AD3D7A5D8B68F70C58,
				9379C4428A2089396D5DDFCB,
				687E08F726363C89147159EF,
				21B5EE16A4E4CA6EA9E6EDA5,
				12D7A8B14CE11726C4212862,
				79C2BBE5D18DD8CDA7751DB0,
			);
			name = Frameworks;
			sourceTree = "<group>";
		};
		81BEDF97048B6ED45DC214E8 = {
			isa = PBXGroup;
			children = (
				2959B8600AEE90EEE0B9186F,
				5FBB217CBE4F0DA76A27CEA4,
				056ABB959E4D90C9DDEE7A74,
				5B2FEF95824ECE0E988BF656,
			);
			name = Products;
			sourceTree = "<group>";
		};
		6751A3E712033C9A54714E08 = {
			isa = PBXGroup;
			children = (
				456B1A2D72CD7816E69411C3,
				CC9E3B9DAAAF528401462725,
				3FA49DF47BB7DBF8E464E3DA,
				77EF4042FD45E6F0A76762D3,
				07877A2F6F1E0108B191E857,
				81BEDF97048B6ED45DC214E8,
			);
			name = Source;
			sourceTree = "<group>";
		};
		85E20E566D1F53B054430010 = {
			isa = PBXTargetDependency;
			target = DF4805C7A453710CA628BF4B;
		};
		93FAD8105451A9F175ED9853 = {
			isa = PBXTargetDependency;
			target = D2F74B04FA77D6DF2AF33220;
		};
		B6C6730683A95EA74B7C06BC = {
			isa = PBXTargetDependency;
			target = E3504E4A72695372F2E16AD2;
		};
		BD3C5EB154644F1D17FBD4CE = {
			isa = PBXTargetDependency;
			target = 02E47C5C7DDD75E7258F680A;
		};
		206C08467B993E61B2025D39 = {
			isa = PBXTargetDependency;
			target = 02E47C5C7DDD75E7258F680A;
		};
		54B2AFCF5A3E4AC1B53B72E0 = {
			isa = PBXTargetDependency;
			target = 02E47C5C7DDD75E7258F680A;
		};
		A384B06CAAB78089D6E03539 = {
			isa = PBXTargetDependency;
			target = 02E47C5C7DDD75E7258F680A;
		};
		49AE7A17C5BAA41E51543995 = {
			isa = XCBuildConfiguration;
			buildSettings = {
				MACOSX_DEPLOYMENT_TARGET = 10.11;
				SDKROOT = macosx;
			};
			name = Debug;
		};
		8D8EBA82BC1E579B503F7831 = {
			isa = XCBuildConfiguration;
			buildSettings = {
				MACOSX_DEPLOYMENT_TARGET = 10.11;
				SDKROOT = macosx;
			};
			name = Release;
		};
		875B9EC0D44D283B918A10D7 = {
			isa = XCBuildConfiguration;
			buildSettings = {
				CLANG_CXX_LANGUAGE_STANDARD = "c++14";
				CLANG_CXX_LIBRARY = "libc++";
				CLANG_LINK_OBJC_RUNTIME = NO;
				CODE_SIGN_IDENTITY = "";
				COMBINE_HIDPI_IMAGES = YES;
				CONFIGURATION_BUILD_DIR = "$(PROJECT_DIR)/build/$(CONFIGURATION)";
				COPY_PHASE_STRIP = NO;
				DEPLOYMENT_LOCATION = YES;
				DSTROOT = /;
				GCC_DYNAMIC_NO_PIC = NO;
				GCC_OPTIMIZATION_LEVEL = 0;
				GCC_PREPROCESSOR_DEFINITIONS = (
					"_DEBUG=1",
					"DEBUG=1",
					"JUCE_DISPLAY_SPLASH_SCREEN=1",
					"JUCE_USE_DARK_SPLASH_SCREEN=1",
					"JUCE_PROJUCER_VERSION=0x60007",
					"JUCE_MODULE_AVAILABLE_juce_audio_basics=1",
					"JUCE_MODULE_AVAILABLE_juce_audio_devices=1",
					"JUCE_MODULE_AVAILABLE_juce_audio_formats=1",
					"JUCE_MODULE_AVAILABLE_juce_audio_plugin_client=1",
					"JUCE_MODULE_AVAILABLE_juce_audio_processors=1",
					"JUCE_MODULE_AVAILABLE_juce_audio_utils=1",
					"JUCE_MODULE_AVAILABLE_juce_core=1",
					"JUCE_MODULE_AVAILABLE_juce_data_structures=1",
					"JUCE_MODULE_AVAILABLE_juce_dsp=1",
					"JUCE_MODULE_AVAILABLE_juce_events=1",
					"JUCE_MODULE_AVAILABLE_juce_graphics=1",
					"JUCE_MODULE_AVAILABLE_juce_gui_basics=1",
					"JUCE_MODULE_AVAILABLE_juce_gui_extra=1",
					"JUCE_GLOBAL_MODULE_SETTINGS_INCLUDED=1",
					"JUCE_VST3_CAN_REPLACE_VST2=0",
					"JUCE_STRICT_REFCOUNTEDPOINTER=1",
					"JucePlugin_Build_VST=0",
					"JucePlugin_Build_VST3=1",
					"JucePlugin_Build_AU=0",
					"JucePlugin_Build_AUv3=0",
					"JucePlugin_Build_RTAS=0",
					"JucePlugin_Build_AAX=0",
					"JucePlugin_Build_Standalone=0",
					"JucePlugin_Build_Unity=0",
					"JucePlugin_Enable_IAA=0",
					"JucePlugin_Name=\\\"Viator\\ Channel\\ Strip\\\"",
					"JucePlugin_Desc=\\\"ViatorChannelStrip\\\"",
					"JucePlugin_Manufacturer=\\\"Viator\\ DSP\\\"",
					"JucePlugin_ManufacturerWebsite=\\\"\\\"",
					"JucePlugin_ManufacturerEmail=\\\"\\\"",
					"JucePlugin_ManufacturerCode=0x4d616e75",
					"JucePlugin_PluginCode=0x4c367372",
					"JucePlugin_IsSynth=0",
					"JucePlugin_WantsMidiInput=0",
					"JucePlugin_ProducesMidiOutput=0",
					"JucePlugin_IsMidiEffect=0",
					"JucePlugin_EditorRequiresKeyboardFocus=0",
					"JucePlugin_Version=1.0.0",
					"JucePlugin_VersionCode=0x10000",
					"JucePlugin_VersionString=\\\"1.0.0\\\"",
					"JucePlugin_VSTUniqueID=JucePlugin_PluginCode",
					"JucePlugin_VSTCategory=kPlugCategEffect",
					"JucePlugin_Vst3Category=\\\"Fx\\\"",
					"JucePlugin_AUMainType='aufx'",
					"JucePlugin_AUSubType=JucePlugin_PluginCode",
					"JucePlugin_AUExportPrefix=ViatorChannelStripAU",
					"JucePlugin_AUExportPrefixQuoted=\\\"ViatorChannelStripAU\\\"",
					"JucePlugin_AUManufacturerCode=JucePlugin_ManufacturerCode",
					"JucePlugin_CFBundleIdentifier=com.yourcompany.ViatorChannelStrip",
					"JucePlugin_RTASCategory=0",
					"JucePlugin_RTASManufacturerCode=JucePlugin_ManufacturerCode",
					"JucePlugin_RTASProductId=JucePlugin_PluginCode",
					"JucePlugin_RTASDisableBypass=0",
					"JucePlugin_RTASDisableMultiMono=0",
					"JucePlugin_AAXIdentifier=com.yourcompany.ViatorChannelStrip",
					"JucePlugin_AAXManufacturerCode=JucePlugin_ManufacturerCode",
					"JucePlugin_AAXProductId=JucePlugin_PluginCode",
					"JucePlugin_AAXCategory=0",
					"JucePlugin_AAXDisableBypass=0",
					"JucePlugin_AAXDisableMultiMono=0",
					"JucePlugin_IAAType=0x61757278",
					"JucePlugin_IAASubType=JucePlugin_PluginCode",
					"JucePlugin_IAAName=\\\"Viator\\ DSP:\\ Viator\\ Channel\\ Strip\\\"",
					"JucePlugin_VSTNumMidiInputs=16",
					"JucePlugin_VSTNumMidiOutputs=16",
					"JUCE_STANDALONE_APPLICATION=JucePlugin_Build_Standalone",
					"JUCER_XCODE_MAC_F6D2F4CF=1",
					"JUCE_APP_VERSION=1.0.0",
					"JUCE_APP_VERSION_HEX=0x10000",
				);
				GCC_VERSION = com.apple.compilers.llvm.clang.1_0;
				GENERATE_PKGINFO_FILE = YES;
				HEADER_SEARCH_PATHS = (
					"/Users/land00m/Documents/JUCE/modules/juce_audio_processors/format_types/VST3_SDK",
					"$(SRCROOT)/../../JuceLibraryCode",
					"/Users/land00m/Documents/JUCE/modules",
					"/Users/land00m/Documents/JUCE/modules/juce_audio_plugin_client",
					"$(inherited)",
				);
				INFOPLIST_FILE = Info-VST3.plist;
				INFOPLIST_PREPROCESS = NO;
				INSTALL_PATH = "$(HOME)/Library/Audio/Plug-Ins/VST3/";
				LIBRARY_STYLE = Bundle;
				MACOSX_DEPLOYMENT_TARGET = 10.11;
				MTL_HEADER_SEARCH_PATHS = (
					"/Users/land00m/Documents/JUCE/modules/juce_audio_processors/format_types/VST3_SDK",
					"$(SRCROOT)/../../JuceLibraryCode",
					"/Users/land00m/Documents/JUCE/modules",
					"/Users/land00m/Documents/JUCE/modules/juce_audio_plugin_client",
				);
				OTHER_LDFLAGS = "-bundle -lViatorChannelStrip";
				PRODUCT_BUNDLE_IDENTIFIER = com.yourcompany.ViatorChannelStrip;
				PRODUCT_NAME = "ViatorChannelStrip";
				USE_HEADERMAP = NO;
				VALID_ARCHS = "i386 x86_64 arm64 arm64e";
				WRAPPER_EXTENSION = vst3;
			};
			name = Debug;
		};
		52211092EDB510C2402DBB7C = {
			isa = XCBuildConfiguration;
			buildSettings = {
				CLANG_CXX_LANGUAGE_STANDARD = "c++14";
				CLANG_CXX_LIBRARY = "libc++";
				CLANG_LINK_OBJC_RUNTIME = NO;
				CODE_SIGN_IDENTITY = "";
				COMBINE_HIDPI_IMAGES = YES;
				CONFIGURATION_BUILD_DIR = "$(PROJECT_DIR)/build/$(CONFIGURATION)";
				DEAD_CODE_STRIPPING = YES;
				DEPLOYMENT_LOCATION = YES;
				DSTROOT = /;
				GCC_GENERATE_DEBUGGING_SYMBOLS = NO;
				GCC_OPTIMIZATION_LEVEL = 3;
				GCC_PREPROCESSOR_DEFINITIONS = (
					"_NDEBUG=1",
					"NDEBUG=1",
					"JUCE_DISPLAY_SPLASH_SCREEN=1",
					"JUCE_USE_DARK_SPLASH_SCREEN=1",
					"JUCE_PROJUCER_VERSION=0x60007",
					"JUCE_MODULE_AVAILABLE_juce_audio_basics=1",
					"JUCE_MODULE_AVAILABLE_juce_audio_devices=1",
					"JUCE_MODULE_AVAILABLE_juce_audio_formats=1",
					"JUCE_MODULE_AVAILABLE_juce_audio_plugin_client=1",
					"JUCE_MODULE_AVAILABLE_juce_audio_processors=1",
					"JUCE_MODULE_AVAILABLE_juce_audio_utils=1",
					"JUCE_MODULE_AVAILABLE_juce_core=1",
					"JUCE_MODULE_AVAILABLE_juce_data_structures=1",
					"JUCE_MODULE_AVAILABLE_juce_dsp=1",
					"JUCE_MODULE_AVAILABLE_juce_events=1",
					"JUCE_MODULE_AVAILABLE_juce_graphics=1",
					"JUCE_MODULE_AVAILABLE_juce_gui_basics=1",
					"JUCE_MODULE_AVAILABLE_juce_gui_extra=1",
					"JUCE_GLOBAL_MODULE_SETTINGS_INCLUDED=1",
					"JUCE_VST3_CAN_REPLACE_VST2=0",
					"JUCE_STRICT_REFCOUNTEDPOINTER=1",
					"JucePlugin_Build_VST=0",
					"JucePlugin_Build_VST3=1",
					"JucePlugin_Build_AU=0",
					"JucePlugin_Build_AUv3=0",
					"JucePlugin_Build_RTAS=0",
					"JucePlugin_Build_AAX=0",
					"JucePlugin_Build_Standalone=0",
					"JucePlugin_Build_Unity=0",
					"JucePlugin_Enable_IAA=0",
					"JucePlugin_Name=\\\"Viator\\ Channel\\ Strip\\\"",
					"JucePlugin_Desc=\\\"ViatorChannelStrip\\\"",
					"JucePlugin_Manufacturer=\\\"Viator\\ DSP\\\"",
					"JucePlugin_ManufacturerWebsite=\\\"\\\"",
					"JucePlugin_ManufacturerEmail=\\\"\\\"",
					"JucePlugin_ManufacturerCode=0x4d616e75",
					"JucePlugin_PluginCode=0x4c367372",
					"JucePlugin_IsSynth=0",
					"JucePlugin_WantsMidiInput=0",
					"JucePlugin_ProducesMidiOutput=0",
					"JucePlugin_IsMidiEffect=0",
					"JucePlugin_EditorRequiresKeyboardFocus=0",
					"JucePlugin_Version=1.0.0",
					"JucePlugin_VersionCode=0x10000",
					"JucePlugin_VersionString=\\\"1.0.0\\\"",
					"JucePlugin_VSTUniqueID=JucePlugin_PluginCode",
					"JucePlugin_VSTCategory=kPlugCategEffect",
					"JucePlugin_Vst3Category=\\\"Fx\\\"",
					"JucePlugin_AUMainType='aufx'",
					"JucePlugin_AUSubType=JucePlugin_PluginCode",
					"JucePlugin_AUExportPrefix=ViatorChannelStripAU",
					"JucePlugin_AUExportPrefixQuoted=\\\"ViatorChannelStripAU\\\"",
					"JucePlugin_AUManufacturerCode=JucePlugin_ManufacturerCode",
					"JucePlugin_CFBundleIdentifier=com.yourcompany.ViatorChannelStrip",
					"JucePlugin_RTASCategory=0",
					"JucePlugin_RTASManufacturerCode=JucePlugin_ManufacturerCode",
					"JucePlugin_RTASProductId=JucePlugin_PluginCode",
					"JucePlugin_RTASDisableBypass=0",
					"JucePlugin_RTASDisableMultiMono=0",
					"JucePlugin_AAXIdentifier=com.yourcompany.ViatorChannelStrip",
					"JucePlugin_AAXManufacturerCode=JucePlugin_ManufacturerCode",
					"JucePlugin_AAXProductId=JucePlugin_PluginCode",
					"JucePlugin_AAXCategory=0",
					"JucePlugin_AAXDisableBypass=0",
					"JucePlugin_AAXDisableMultiMono=0",
					"JucePlugin_IAAType=0x61757278",
					"JucePlugin_IAASubType=JucePlugin_PluginCode",
					"JucePlugin_IAAName=\\\"Viator\\ DSP:\\ Viator\\ Channel\\ Strip\\\"",
					"JucePlugin_VSTNumMidiInputs=16",
					"JucePlugin_VSTNumMidiOutputs=16",
					"JUCE_STANDALONE_APPLICATION=JucePlugin_Build_Standalone",
					"JUCER_XCODE_MAC_F6D2F4CF=1",
					"JUCE_APP_VERSION=1.0.0",
					"JUCE_APP_VERSION_HEX=0x10000",
				);
				GCC_VERSION = com.apple.compilers.llvm.clang.1_0;
				GENERATE_PKGINFO_FILE = YES;
				HEADER_SEARCH_PATHS = (
					"/Users/land00m/Documents/JUCE/modules/juce_audio_processors/format_types/VST3_SDK",
					"$(SRCROOT)/../../JuceLibraryCode",
					"/Users/land00m/Documents/JUCE/modules",
					"/Users/land00m/Documents/JUCE/modules/juce_audio_plugin_client",
					"$(inherited)",
				);
				INFOPLIST_FILE = Info-VST3.plist;
				INFOPLIST_PREPROCESS = NO;
				INSTALL_PATH = "$(HOME)/Library/Audio/Plug-Ins/VST3/";
				LIBRARY_STYLE = Bundle;
				LLVM_LTO = YES;
				MACOSX_DEPLOYMENT_TARGET = 10.11;
				MTL_HEADER_SEARCH_PATHS = (
					"/Users/land00m/Documents/JUCE/modules/juce_audio_processors/format_types/VST3_SDK",
					"$(SRCROOT)/../../JuceLibraryCode",
					"/Users/land00m/Documents/JUCE/modules",
					"/Users/land00m/Documents/JUCE/modules/juce_audio_plugin_client",
				);
				OTHER_LDFLAGS = "-bundle -lViatorChannelStrip";
				PRODUCT_BUNDLE_IDENTIFIER = com.yourcompany.ViatorChannelStrip;
				PRODUCT_NAME = "ViatorChannelStrip";
				USE_HEADERMAP = NO;
				VALID_ARCHS = "i386 x86_64 arm64 arm64e";
				WRAPPER_EXTENSION = vst3;
			};
			name = Release;
		};
		70DC6EF97FD2CFFC3C0B6B88 = {
			isa = XCBuildConfiguration;
			buildSettings = {
				CLANG_CXX_LANGUAGE_STANDARD = "c++14";
				CLANG_CXX_LIBRARY = "libc++";
				CLANG_LINK_OBJC_RUNTIME = NO;
				CODE_SIGN_IDENTITY = "";
				COMBINE_HIDPI_IMAGES = YES;
				CONFIGURATION_BUILD_DIR = "$(PROJECT_DIR)/build/$(CONFIGURATION)";
				COPY_PHASE_STRIP = NO;
				DEPLOYMENT_LOCATION = YES;
				DSTROOT = /;
				GCC_DYNAMIC_NO_PIC = NO;
				GCC_OPTIMIZATION_LEVEL = 0;
				GCC_PREPROCESSOR_DEFINITIONS = (
					"_DEBUG=1",
					"DEBUG=1",
					"JUCE_DISPLAY_SPLASH_SCREEN=1",
					"JUCE_USE_DARK_SPLASH_SCREEN=1",
					"JUCE_PROJUCER_VERSION=0x60007",
					"JUCE_MODULE_AVAILABLE_juce_audio_basics=1",
					"JUCE_MODULE_AVAILABLE_juce_audio_devices=1",
					"JUCE_MODULE_AVAILABLE_juce_audio_formats=1",
					"JUCE_MODULE_AVAILABLE_juce_audio_plugin_client=1",
					"JUCE_MODULE_AVAILABLE_juce_audio_processors=1",
					"JUCE_MODULE_AVAILABLE_juce_audio_utils=1",
					"JUCE_MODULE_AVAILABLE_juce_core=1",
					"JUCE_MODULE_AVAILABLE_juce_data_structures=1",
					"JUCE_MODULE_AVAILABLE_juce_dsp=1",
					"JUCE_MODULE_AVAILABLE_juce_events=1",
					"JUCE_MODULE_AVAILABLE_juce_graphics=1",
					"JUCE_MODULE_AVAILABLE_juce_gui_basics=1",
					"JUCE_MODULE_AVAILABLE_juce_gui_extra=1",
					"JUCE_GLOBAL_MODULE_SETTINGS_INCLUDED=1",
					"JUCE_VST3_CAN_REPLACE_VST2=0",
					"JUCE_STRICT_REFCOUNTEDPOINTER=1",
					"JucePlugin_Build_VST=0",
					"JucePlugin_Build_VST3=0",
					"JucePlugin_Build_AU=1",
					"JucePlugin_Build_AUv3=0",
					"JucePlugin_Build_RTAS=0",
					"JucePlugin_Build_AAX=0",
					"JucePlugin_Build_Standalone=0",
					"JucePlugin_Build_Unity=0",
					"JucePlugin_Enable_IAA=0",
					"JucePlugin_Name=\\\"Viator\\ Channel\\ Strip\\\"",
					"JucePlugin_Desc=\\\"ViatorChannelStrip\\\"",
					"JucePlugin_Manufacturer=\\\"Viator\\ DSP\\\"",
					"JucePlugin_ManufacturerWebsite=\\\"\\\"",
					"JucePlugin_ManufacturerEmail=\\\"\\\"",
					"JucePlugin_ManufacturerCode=0x4d616e75",
					"JucePlugin_PluginCode=0x4c367372",
					"JucePlugin_IsSynth=0",
					"JucePlugin_WantsMidiInput=0",
					"JucePlugin_ProducesMidiOutput=0",
					"JucePlugin_IsMidiEffect=0",
					"JucePlugin_EditorRequiresKeyboardFocus=0",
					"JucePlugin_Version=1.0.0",
					"JucePlugin_VersionCode=0x10000",
					"JucePlugin_VersionString=\\\"1.0.0\\\"",
					"JucePlugin_VSTUniqueID=JucePlugin_PluginCode",
					"JucePlugin_VSTCategory=kPlugCategEffect",
					"JucePlugin_Vst3Category=\\\"Fx\\\"",
					"JucePlugin_AUMainType='aufx'",
					"JucePlugin_AUSubType=JucePlugin_PluginCode",
					"JucePlugin_AUExportPrefix=ViatorChannelStripAU",
					"JucePlugin_AUExportPrefixQuoted=\\\"ViatorChannelStripAU\\\"",
					"JucePlugin_AUManufacturerCode=JucePlugin_ManufacturerCode",
					"JucePlugin_CFBundleIdentifier=com.yourcompany.ViatorChannelStrip",
					"JucePlugin_RTASCategory=0",
					"JucePlugin_RTASManufacturerCode=JucePlugin_ManufacturerCode",
					"JucePlugin_RTASProductId=JucePlugin_PluginCode",
					"JucePlugin_RTASDisableBypass=0",
					"JucePlugin_RTASDisableMultiMono=0",
					"JucePlugin_AAXIdentifier=com.yourcompany.ViatorChannelStrip",
					"JucePlugin_AAXManufacturerCode=JucePlugin_ManufacturerCode",
					"JucePlugin_AAXProductId=JucePlugin_PluginCode",
					"JucePlugin_AAXCategory=0",
					"JucePlugin_AAXDisableBypass=0",
					"JucePlugin_AAXDisableMultiMono=0",
					"JucePlugin_IAAType=0x61757278",
					"JucePlugin_IAASubType=JucePlugin_PluginCode",
					"JucePlugin_IAAName=\\\"Viator\\ DSP:\\ Viator\\ Channel\\ Strip\\\"",
					"JucePlugin_VSTNumMidiInputs=16",
					"JucePlugin_VSTNumMidiOutputs=16",
					"JUCE_STANDALONE_APPLICATION=JucePlugin_Build_Standalone",
					"JUCER_XCODE_MAC_F6D2F4CF=1",
					"JUCE_APP_VERSION=1.0.0",
					"JUCE_APP_VERSION_HEX=0x10000",
				);
				GCC_VERSION = com.apple.compilers.llvm.clang.1_0;
				GENERATE_PKGINFO_FILE = YES;
				HEADER_SEARCH_PATHS = (
					"/Users/land00m/Documents/JUCE/modules/juce_audio_processors/format_types/VST3_SDK",
					"$(SRCROOT)/../../JuceLibraryCode",
					"/Users/land00m/Documents/JUCE/modules",
					"/Users/land00m/Documents/JUCE/modules/juce_audio_plugin_client",
					"$(inherited)",
				);
				INFOPLIST_FILE = Info-AU.plist;
				INFOPLIST_PREPROCESS = NO;
				INSTALL_PATH = "$(HOME)/Library/Audio/Plug-Ins/Components/";
				LIBRARY_STYLE = Bundle;
				MACOSX_DEPLOYMENT_TARGET = 10.11;
				MTL_HEADER_SEARCH_PATHS = (
					"/Users/land00m/Documents/JUCE/modules/juce_audio_processors/format_types/VST3_SDK",
					"$(SRCROOT)/../../JuceLibraryCode",
					"/Users/land00m/Documents/JUCE/modules",
					"/Users/land00m/Documents/JUCE/modules/juce_audio_plugin_client",
				);
				OTHER_LDFLAGS = "-bundle -lViatorChannelStrip";
				OTHER_REZFLAGS = "-d ppc_$ppc -d i386_$i386 -d ppc64_$ppc64 -d x86_64_$x86_64 -I /System/Library/Frameworks/CoreServices.framework/Frameworks/CarbonCore.framework/Versions/A/Headers -I \"$(DEVELOPER_DIR)/Extras/CoreAudio/AudioUnits/AUPublic/AUBase\" -I \"$(DEVELOPER_DIR)/Platforms/MacOSX.platform/Developer/SDKs/MacOSX.sdk/System/Library/Frameworks/AudioUnit.framework/Headers\"";
				PRODUCT_BUNDLE_IDENTIFIER = com.yourcompany.ViatorChannelStrip;
				PRODUCT_NAME = "ViatorChannelStrip";
				USE_HEADERMAP = NO;
				VALID_ARCHS = "i386 x86_64 arm64 arm64e";
				WRAPPER_EXTENSION = component;
			};
			name = Debug;
		};
		61F7036376C956C3F0952CB2 = {
			isa = XCBuildConfiguration;
			buildSettings = {
				CLANG_CXX_LANGUAGE_STANDARD = "c++14";
				CLANG_CXX_LIBRARY = "libc++";
				CLANG_LINK_OBJC_RUNTIME = NO;
				CODE_SIGN_IDENTITY = "";
				COMBINE_HIDPI_IMAGES = YES;
				CONFIGURATION_BUILD_DIR = "$(PROJECT_DIR)/build/$(CONFIGURATION)";
				DEAD_CODE_STRIPPING = YES;
				DEPLOYMENT_LOCATION = YES;
				DSTROOT = /;
				GCC_GENERATE_DEBUGGING_SYMBOLS = NO;
				GCC_OPTIMIZATION_LEVEL = 3;
				GCC_PREPROCESSOR_DEFINITIONS = (
					"_NDEBUG=1",
					"NDEBUG=1",
					"JUCE_DISPLAY_SPLASH_SCREEN=1",
					"JUCE_USE_DARK_SPLASH_SCREEN=1",
					"JUCE_PROJUCER_VERSION=0x60007",
					"JUCE_MODULE_AVAILABLE_juce_audio_basics=1",
					"JUCE_MODULE_AVAILABLE_juce_audio_devices=1",
					"JUCE_MODULE_AVAILABLE_juce_audio_formats=1",
					"JUCE_MODULE_AVAILABLE_juce_audio_plugin_client=1",
					"JUCE_MODULE_AVAILABLE_juce_audio_processors=1",
					"JUCE_MODULE_AVAILABLE_juce_audio_utils=1",
					"JUCE_MODULE_AVAILABLE_juce_core=1",
					"JUCE_MODULE_AVAILABLE_juce_data_structures=1",
					"JUCE_MODULE_AVAILABLE_juce_dsp=1",
					"JUCE_MODULE_AVAILABLE_juce_events=1",
					"JUCE_MODULE_AVAILABLE_juce_graphics=1",
					"JUCE_MODULE_AVAILABLE_juce_gui_basics=1",
					"JUCE_MODULE_AVAILABLE_juce_gui_extra=1",
					"JUCE_GLOBAL_MODULE_SETTINGS_INCLUDED=1",
					"JUCE_VST3_CAN_REPLACE_VST2=0",
					"JUCE_STRICT_REFCOUNTEDPOINTER=1",
					"JucePlugin_Build_VST=0",
					"JucePlugin_Build_VST3=0",
					"JucePlugin_Build_AU=1",
					"JucePlugin_Build_AUv3=0",
					"JucePlugin_Build_RTAS=0",
					"JucePlugin_Build_AAX=0",
					"JucePlugin_Build_Standalone=0",
					"JucePlugin_Build_Unity=0",
					"JucePlugin_Enable_IAA=0",
					"JucePlugin_Name=\\\"Viator\\ Channel\\ Strip\\\"",
					"JucePlugin_Desc=\\\"ViatorChannelStrip\\\"",
					"JucePlugin_Manufacturer=\\\"Viator\\ DSP\\\"",
					"JucePlugin_ManufacturerWebsite=\\\"\\\"",
					"JucePlugin_ManufacturerEmail=\\\"\\\"",
					"JucePlugin_ManufacturerCode=0x4d616e75",
					"JucePlugin_PluginCode=0x4c367372",
					"JucePlugin_IsSynth=0",
					"JucePlugin_WantsMidiInput=0",
					"JucePlugin_ProducesMidiOutput=0",
					"JucePlugin_IsMidiEffect=0",
					"JucePlugin_EditorRequiresKeyboardFocus=0",
					"JucePlugin_Version=1.0.0",
					"JucePlugin_VersionCode=0x10000",
					"JucePlugin_VersionString=\\\"1.0.0\\\"",
					"JucePlugin_VSTUniqueID=JucePlugin_PluginCode",
					"JucePlugin_VSTCategory=kPlugCategEffect",
					"JucePlugin_Vst3Category=\\\"Fx\\\"",
					"JucePlugin_AUMainType='aufx'",
					"JucePlugin_AUSubType=JucePlugin_PluginCode",
					"JucePlugin_AUExportPrefix=ViatorChannelStripAU",
					"JucePlugin_AUExportPrefixQuoted=\\\"ViatorChannelStripAU\\\"",
					"JucePlugin_AUManufacturerCode=JucePlugin_ManufacturerCode",
					"JucePlugin_CFBundleIdentifier=com.yourcompany.ViatorChannelStrip",
					"JucePlugin_RTASCategory=0",
					"JucePlugin_RTASManufacturerCode=JucePlugin_ManufacturerCode",
					"JucePlugin_RTASProductId=JucePlugin_PluginCode",
					"JucePlugin_RTASDisableBypass=0",
					"JucePlugin_RTASDisableMultiMono=0",
					"JucePlugin_AAXIdentifier=com.yourcompany.ViatorChannelStrip",
					"JucePlugin_AAXManufacturerCode=JucePlugin_ManufacturerCode",
					"JucePlugin_AAXProductId=JucePlugin_PluginCode",
					"JucePlugin_AAXCategory=0",
					"JucePlugin_AAXDisableBypass=0",
					"JucePlugin_AAXDisableMultiMono=0",
					"JucePlugin_IAAType=0x61757278",
					"JucePlugin_IAASubType=JucePlugin_PluginCode",
					"JucePlugin_IAAName=\\\"Viator\\ DSP:\\ Viator\\ Channel\\ Strip\\\"",
					"JucePlugin_VSTNumMidiInputs=16",
					"JucePlugin_VSTNumMidiOutputs=16",
					"JUCE_STANDALONE_APPLICATION=JucePlugin_Build_Standalone",
					"JUCER_XCODE_MAC_F6D2F4CF=1",
					"JUCE_APP_VERSION=1.0.0",
					"JUCE_APP_VERSION_HEX=0x10000",
				);
				GCC_VERSION = com.apple.compilers.llvm.clang.1_0;
				GENERATE_PKGINFO_FILE = YES;
				HEADER_SEARCH_PATHS = (
					"/Users/land00m/Documents/JUCE/modules/juce_audio_processors/format_types/VST3_SDK",
					"$(SRCROOT)/../../JuceLibraryCode",
					"/Users/land00m/Documents/JUCE/modules",
					"/Users/land00m/Documents/JUCE/modules/juce_audio_plugin_client",
					"$(inherited)",
				);
				INFOPLIST_FILE = Info-AU.plist;
				INFOPLIST_PREPROCESS = NO;
				INSTALL_PATH = "$(HOME)/Library/Audio/Plug-Ins/Components/";
				LIBRARY_STYLE = Bundle;
				LLVM_LTO = YES;
				MACOSX_DEPLOYMENT_TARGET = 10.11;
				MTL_HEADER_SEARCH_PATHS = (
					"/Users/land00m/Documents/JUCE/modules/juce_audio_processors/format_types/VST3_SDK",
					"$(SRCROOT)/../../JuceLibraryCode",
					"/Users/land00m/Documents/JUCE/modules",
					"/Users/land00m/Documents/JUCE/modules/juce_audio_plugin_client",
				);
				OTHER_LDFLAGS = "-bundle -lViatorChannelStrip";
				OTHER_REZFLAGS = "-d ppc_$ppc -d i386_$i386 -d ppc64_$ppc64 -d x86_64_$x86_64 -I /System/Library/Frameworks/CoreServices.framework/Frameworks/CarbonCore.framework/Versions/A/Headers -I \"$(DEVELOPER_DIR)/Extras/CoreAudio/AudioUnits/AUPublic/AUBase\" -I \"$(DEVELOPER_DIR)/Platforms/MacOSX.platform/Developer/SDKs/MacOSX.sdk/System/Library/Frameworks/AudioUnit.framework/Headers\"";
				PRODUCT_BUNDLE_IDENTIFIER = com.yourcompany.ViatorChannelStrip;
				PRODUCT_NAME = "ViatorChannelStrip";
				USE_HEADERMAP = NO;
				VALID_ARCHS = "i386 x86_64 arm64 arm64e";
				WRAPPER_EXTENSION = component;
			};
			name = Release;
		};
		974375D8AC8986969BBBFE0F = {
			isa = XCBuildConfiguration;
			buildSettings = {
				CLANG_CXX_LANGUAGE_STANDARD = "c++14";
				CLANG_CXX_LIBRARY = "libc++";
				CLANG_LINK_OBJC_RUNTIME = NO;
				CODE_SIGN_IDENTITY = "";
				COMBINE_HIDPI_IMAGES = YES;
				CONFIGURATION_BUILD_DIR = "$(PROJECT_DIR)/build/$(CONFIGURATION)";
				COPY_PHASE_STRIP = NO;
				GCC_DYNAMIC_NO_PIC = NO;
				GCC_OPTIMIZATION_LEVEL = 0;
				GCC_PREPROCESSOR_DEFINITIONS = (
					"_DEBUG=1",
					"DEBUG=1",
					"JUCE_DISPLAY_SPLASH_SCREEN=1",
					"JUCE_USE_DARK_SPLASH_SCREEN=1",
					"JUCE_PROJUCER_VERSION=0x60007",
					"JUCE_MODULE_AVAILABLE_juce_audio_basics=1",
					"JUCE_MODULE_AVAILABLE_juce_audio_devices=1",
					"JUCE_MODULE_AVAILABLE_juce_audio_formats=1",
					"JUCE_MODULE_AVAILABLE_juce_audio_plugin_client=1",
					"JUCE_MODULE_AVAILABLE_juce_audio_processors=1",
					"JUCE_MODULE_AVAILABLE_juce_audio_utils=1",
					"JUCE_MODULE_AVAILABLE_juce_core=1",
					"JUCE_MODULE_AVAILABLE_juce_data_structures=1",
					"JUCE_MODULE_AVAILABLE_juce_dsp=1",
					"JUCE_MODULE_AVAILABLE_juce_events=1",
					"JUCE_MODULE_AVAILABLE_juce_graphics=1",
					"JUCE_MODULE_AVAILABLE_juce_gui_basics=1",
					"JUCE_MODULE_AVAILABLE_juce_gui_extra=1",
					"JUCE_GLOBAL_MODULE_SETTINGS_INCLUDED=1",
					"JUCE_VST3_CAN_REPLACE_VST2=0",
					"JUCE_STRICT_REFCOUNTEDPOINTER=1",
					"JucePlugin_Build_VST=0",
					"JucePlugin_Build_VST3=0",
					"JucePlugin_Build_AU=0",
					"JucePlugin_Build_AUv3=0",
					"JucePlugin_Build_RTAS=0",
					"JucePlugin_Build_AAX=0",
					"JucePlugin_Build_Standalone=1",
					"JucePlugin_Build_Unity=0",
					"JucePlugin_Enable_IAA=0",
					"JucePlugin_Name=\\\"Viator\\ Channel\\ Strip\\\"",
					"JucePlugin_Desc=\\\"ViatorChannelStrip\\\"",
					"JucePlugin_Manufacturer=\\\"Viator\\ DSP\\\"",
					"JucePlugin_ManufacturerWebsite=\\\"\\\"",
					"JucePlugin_ManufacturerEmail=\\\"\\\"",
					"JucePlugin_ManufacturerCode=0x4d616e75",
					"JucePlugin_PluginCode=0x4c367372",
					"JucePlugin_IsSynth=0",
					"JucePlugin_WantsMidiInput=0",
					"JucePlugin_ProducesMidiOutput=0",
					"JucePlugin_IsMidiEffect=0",
					"JucePlugin_EditorRequiresKeyboardFocus=0",
					"JucePlugin_Version=1.0.0",
					"JucePlugin_VersionCode=0x10000",
					"JucePlugin_VersionString=\\\"1.0.0\\\"",
					"JucePlugin_VSTUniqueID=JucePlugin_PluginCode",
					"JucePlugin_VSTCategory=kPlugCategEffect",
					"JucePlugin_Vst3Category=\\\"Fx\\\"",
					"JucePlugin_AUMainType='aufx'",
					"JucePlugin_AUSubType=JucePlugin_PluginCode",
					"JucePlugin_AUExportPrefix=ViatorChannelStripAU",
					"JucePlugin_AUExportPrefixQuoted=\\\"ViatorChannelStripAU\\\"",
					"JucePlugin_AUManufacturerCode=JucePlugin_ManufacturerCode",
					"JucePlugin_CFBundleIdentifier=com.yourcompany.ViatorChannelStrip",
					"JucePlugin_RTASCategory=0",
					"JucePlugin_RTASManufacturerCode=JucePlugin_ManufacturerCode",
					"JucePlugin_RTASProductId=JucePlugin_PluginCode",
					"JucePlugin_RTASDisableBypass=0",
					"JucePlugin_RTASDisableMultiMono=0",
					"JucePlugin_AAXIdentifier=com.yourcompany.ViatorChannelStrip",
					"JucePlugin_AAXManufacturerCode=JucePlugin_ManufacturerCode",
					"JucePlugin_AAXProductId=JucePlugin_PluginCode",
					"JucePlugin_AAXCategory=0",
					"JucePlugin_AAXDisableBypass=0",
					"JucePlugin_AAXDisableMultiMono=0",
					"JucePlugin_IAAType=0x61757278",
					"JucePlugin_IAASubType=JucePlugin_PluginCode",
					"JucePlugin_IAAName=\\\"Viator\\ DSP:\\ Viator\\ Channel\\ Strip\\\"",
					"JucePlugin_VSTNumMidiInputs=16",
					"JucePlugin_VSTNumMidiOutputs=16",
					"JUCE_STANDALONE_APPLICATION=JucePlugin_Build_Standalone",
					"JUCER_XCODE_MAC_F6D2F4CF=1",
					"JUCE_APP_VERSION=1.0.0",
					"JUCE_APP_VERSION_HEX=0x10000",
				);
				GCC_VERSION = com.apple.compilers.llvm.clang.1_0;
				HEADER_SEARCH_PATHS = (
					"/Users/land00m/Documents/JUCE/modules/juce_audio_processors/format_types/VST3_SDK",
					"$(SRCROOT)/../../JuceLibraryCode",
					"/Users/land00m/Documents/JUCE/modules",
					"/Users/land00m/Documents/JUCE/modules/juce_audio_plugin_client",
					"$(inherited)",
				);
				INFOPLIST_FILE = Info-Standalone_Plugin.plist;
				INFOPLIST_PREPROCESS = NO;
				MACOSX_DEPLOYMENT_TARGET = 10.11;
				MTL_HEADER_SEARCH_PATHS = (
					"/Users/land00m/Documents/JUCE/modules/juce_audio_processors/format_types/VST3_SDK",
					"$(SRCROOT)/../../JuceLibraryCode",
					"/Users/land00m/Documents/JUCE/modules",
					"/Users/land00m/Documents/JUCE/modules/juce_audio_plugin_client",
				);
				OTHER_LDFLAGS = "-lViatorChannelStrip";
				PRODUCT_BUNDLE_IDENTIFIER = com.yourcompany.ViatorChannelStrip;
				PRODUCT_NAME = "ViatorChannelStrip";
				USE_HEADERMAP = NO;
				VALID_ARCHS = "i386 x86_64 arm64 arm64e";
			};
			name = Debug;
		};
		07814CE49420E4B8BDE25892 = {
			isa = XCBuildConfiguration;
			buildSettings = {
				CLANG_CXX_LANGUAGE_STANDARD = "c++14";
				CLANG_CXX_LIBRARY = "libc++";
				CLANG_LINK_OBJC_RUNTIME = NO;
				CODE_SIGN_IDENTITY = "";
				COMBINE_HIDPI_IMAGES = YES;
				CONFIGURATION_BUILD_DIR = "$(PROJECT_DIR)/build/$(CONFIGURATION)";
				DEAD_CODE_STRIPPING = YES;
				GCC_GENERATE_DEBUGGING_SYMBOLS = NO;
				GCC_OPTIMIZATION_LEVEL = 3;
				GCC_PREPROCESSOR_DEFINITIONS = (
					"_NDEBUG=1",
					"NDEBUG=1",
					"JUCE_DISPLAY_SPLASH_SCREEN=1",
					"JUCE_USE_DARK_SPLASH_SCREEN=1",
					"JUCE_PROJUCER_VERSION=0x60007",
					"JUCE_MODULE_AVAILABLE_juce_audio_basics=1",
					"JUCE_MODULE_AVAILABLE_juce_audio_devices=1",
					"JUCE_MODULE_AVAILABLE_juce_audio_formats=1",
					"JUCE_MODULE_AVAILABLE_juce_audio_plugin_client=1",
					"JUCE_MODULE_AVAILABLE_juce_audio_processors=1",
					"JUCE_MODULE_AVAILABLE_juce_audio_utils=1",
					"JUCE_MODULE_AVAILABLE_juce_core=1",
					"JUCE_MODULE_AVAILABLE_juce_data_structures=1",
					"JUCE_MODULE_AVAILABLE_juce_dsp=1",
					"JUCE_MODULE_AVAILABLE_juce_events=1",
					"JUCE_MODULE_AVAILABLE_juce_graphics=1",
					"JUCE_MODULE_AVAILABLE_juce_gui_basics=1",
					"JUCE_MODULE_AVAILABLE_juce_gui_extra=1",
					"JUCE_GLOBAL_MODULE_SETTINGS_INCLUDED=1",
					"JUCE_VST3_CAN_REPLACE_VST2=0",
					"JUCE_STRICT_REFCOUNTEDPOINTER=1",
					"JucePlugin_Build_VST=0",
					"JucePlugin_Build_VST3=0",
					"JucePlugin_Build_AU=0",
					"JucePlugin_Build_AUv3=0",
					"JucePlugin_Build_RTAS=0",
					"JucePlugin_Build_AAX=0",
					"JucePlugin_Build_Standalone=1",
					"JucePlugin_Build_Unity=0",
					"JucePlugin_Enable_IAA=0",
					"JucePlugin_Name=\\\"Viator\\ Channel\\ Strip\\\"",
					"JucePlugin_Desc=\\\"ViatorChannelStrip\\\"",
					"JucePlugin_Manufacturer=\\\"Viator\\ DSP\\\"",
					"JucePlugin_ManufacturerWebsite=\\\"\\\"",
					"JucePlugin_ManufacturerEmail=\\\"\\\"",
					"JucePlugin_ManufacturerCode=0x4d616e75",
					"JucePlugin_PluginCode=0x4c367372",
					"JucePlugin_IsSynth=0",
					"JucePlugin_WantsMidiInput=0",
					"JucePlugin_ProducesMidiOutput=0",
					"JucePlugin_IsMidiEffect=0",
					"JucePlugin_EditorRequiresKeyboardFocus=0",
					"JucePlugin_Version=1.0.0",
					"JucePlugin_VersionCode=0x10000",
					"JucePlugin_VersionString=\\\"1.0.0\\\"",
					"JucePlugin_VSTUniqueID=JucePlugin_PluginCode",
					"JucePlugin_VSTCategory=kPlugCategEffect",
					"JucePlugin_Vst3Category=\\\"Fx\\\"",
					"JucePlugin_AUMainType='aufx'",
					"JucePlugin_AUSubType=JucePlugin_PluginCode",
					"JucePlugin_AUExportPrefix=ViatorChannelStripAU",
					"JucePlugin_AUExportPrefixQuoted=\\\"ViatorChannelStripAU\\\"",
					"JucePlugin_AUManufacturerCode=JucePlugin_ManufacturerCode",
					"JucePlugin_CFBundleIdentifier=com.yourcompany.ViatorChannelStrip",
					"JucePlugin_RTASCategory=0",
					"JucePlugin_RTASManufacturerCode=JucePlugin_ManufacturerCode",
					"JucePlugin_RTASProductId=JucePlugin_PluginCode",
					"JucePlugin_RTASDisableBypass=0",
					"JucePlugin_RTASDisableMultiMono=0",
					"JucePlugin_AAXIdentifier=com.yourcompany.ViatorChannelStrip",
					"JucePlugin_AAXManufacturerCode=JucePlugin_ManufacturerCode",
					"JucePlugin_AAXProductId=JucePlugin_PluginCode",
					"JucePlugin_AAXCategory=0",
					"JucePlugin_AAXDisableBypass=0",
					"JucePlugin_AAXDisableMultiMono=0",
					"JucePlugin_IAAType=0x61757278",
					"JucePlugin_IAASubType=JucePlugin_PluginCode",
					"JucePlugin_IAAName=\\\"Viator\\ DSP:\\ Viator\\ Channel\\ Strip\\\"",
					"JucePlugin_VSTNumMidiInputs=16",
					"JucePlugin_VSTNumMidiOutputs=16",
					"JUCE_STANDALONE_APPLICATION=JucePlugin_Build_Standalone",
					"JUCER_XCODE_MAC_F6D2F4CF=1",
					"JUCE_APP_VERSION=1.0.0",
					"JUCE_APP_VERSION_HEX=0x10000",
				);
				GCC_VERSION = com.apple.compilers.llvm.clang.1_0;
				HEADER_SEARCH_PATHS = (
					"/Users/land00m/Documents/JUCE/modules/juce_audio_processors/format_types/VST3_SDK",
					"$(SRCROOT)/../../JuceLibraryCode",
					"/Users/land00m/Documents/JUCE/modules",
					"/Users/land00m/Documents/JUCE/modules/juce_audio_plugin_client",
					"$(inherited)",
				);
				INFOPLIST_FILE = Info-Standalone_Plugin.plist;
				INFOPLIST_PREPROCESS = NO;
				LLVM_LTO = YES;
				MACOSX_DEPLOYMENT_TARGET = 10.11;
				MTL_HEADER_SEARCH_PATHS = (
					"/Users/land00m/Documents/JUCE/modules/juce_audio_processors/format_types/VST3_SDK",
					"$(SRCROOT)/../../JuceLibraryCode",
					"/Users/land00m/Documents/JUCE/modules",
					"/Users/land00m/Documents/JUCE/modules/juce_audio_plugin_client",
				);
				OTHER_LDFLAGS = "-lViatorChannelStrip";
				PRODUCT_BUNDLE_IDENTIFIER = com.yourcompany.ViatorChannelStrip;
				PRODUCT_NAME = "ViatorChannelStrip";
				USE_HEADERMAP = NO;
				VALID_ARCHS = "i386 x86_64 arm64 arm64e";
			};
			name = Release;
		};
		95F6B2C5035BC25211D13278 = {
			isa = XCBuildConfiguration;
			buildSettings = {
				CLANG_CXX_LANGUAGE_STANDARD = "c++14";
				CLANG_CXX_LIBRARY = "libc++";
				CLANG_LINK_OBJC_RUNTIME = NO;
				CODE_SIGN_IDENTITY = "";
				COMBINE_HIDPI_IMAGES = YES;
				CONFIGURATION_BUILD_DIR = "$(PROJECT_DIR)/build/$(CONFIGURATION)";
				COPY_PHASE_STRIP = NO;
				GCC_DYNAMIC_NO_PIC = NO;
				GCC_OPTIMIZATION_LEVEL = 0;
				GCC_PREPROCESSOR_DEFINITIONS = (
					"_DEBUG=1",
					"DEBUG=1",
					"JUCE_DISPLAY_SPLASH_SCREEN=1",
					"JUCE_USE_DARK_SPLASH_SCREEN=1",
					"JUCE_PROJUCER_VERSION=0x60007",
					"JUCE_MODULE_AVAILABLE_juce_audio_basics=1",
					"JUCE_MODULE_AVAILABLE_juce_audio_devices=1",
					"JUCE_MODULE_AVAILABLE_juce_audio_formats=1",
					"JUCE_MODULE_AVAILABLE_juce_audio_plugin_client=1",
					"JUCE_MODULE_AVAILABLE_juce_audio_processors=1",
					"JUCE_MODULE_AVAILABLE_juce_audio_utils=1",
					"JUCE_MODULE_AVAILABLE_juce_core=1",
					"JUCE_MODULE_AVAILABLE_juce_data_structures=1",
					"JUCE_MODULE_AVAILABLE_juce_dsp=1",
					"JUCE_MODULE_AVAILABLE_juce_events=1",
					"JUCE_MODULE_AVAILABLE_juce_graphics=1",
					"JUCE_MODULE_AVAILABLE_juce_gui_basics=1",
					"JUCE_MODULE_AVAILABLE_juce_gui_extra=1",
					"JUCE_GLOBAL_MODULE_SETTINGS_INCLUDED=1",
					"JUCE_VST3_CAN_REPLACE_VST2=0",
					"JUCE_STRICT_REFCOUNTEDPOINTER=1",
					"JucePlugin_Build_VST=0",
					"JucePlugin_Build_VST3=1",
					"JucePlugin_Build_AU=1",
					"JucePlugin_Build_AUv3=0",
					"JucePlugin_Build_RTAS=0",
					"JucePlugin_Build_AAX=0",
					"JucePlugin_Build_Standalone=1",
					"JucePlugin_Build_Unity=0",
					"JucePlugin_Enable_IAA=0",
					"JucePlugin_Name=\\\"Viator\\ Channel\\ Strip\\\"",
					"JucePlugin_Desc=\\\"ViatorChannelStrip\\\"",
					"JucePlugin_Manufacturer=\\\"Viator\\ DSP\\\"",
					"JucePlugin_ManufacturerWebsite=\\\"\\\"",
					"JucePlugin_ManufacturerEmail=\\\"\\\"",
					"JucePlugin_ManufacturerCode=0x4d616e75",
					"JucePlugin_PluginCode=0x4c367372",
					"JucePlugin_IsSynth=0",
					"JucePlugin_WantsMidiInput=0",
					"JucePlugin_ProducesMidiOutput=0",
					"JucePlugin_IsMidiEffect=0",
					"JucePlugin_EditorRequiresKeyboardFocus=0",
					"JucePlugin_Version=1.0.0",
					"JucePlugin_VersionCode=0x10000",
					"JucePlugin_VersionString=\\\"1.0.0\\\"",
					"JucePlugin_VSTUniqueID=JucePlugin_PluginCode",
					"JucePlugin_VSTCategory=kPlugCategEffect",
					"JucePlugin_Vst3Category=\\\"Fx\\\"",
					"JucePlugin_AUMainType='aufx'",
					"JucePlugin_AUSubType=JucePlugin_PluginCode",
					"JucePlugin_AUExportPrefix=ViatorChannelStripAU",
					"JucePlugin_AUExportPrefixQuoted=\\\"ViatorChannelStripAU\\\"",
					"JucePlugin_AUManufacturerCode=JucePlugin_ManufacturerCode",
					"JucePlugin_CFBundleIdentifier=com.yourcompany.ViatorChannelStrip",
					"JucePlugin_RTASCategory=0",
					"JucePlugin_RTASManufacturerCode=JucePlugin_ManufacturerCode",
					"JucePlugin_RTASProductId=JucePlugin_PluginCode",
					"JucePlugin_RTASDisableBypass=0",
					"JucePlugin_RTASDisableMultiMono=0",
					"JucePlugin_AAXIdentifier=com.yourcompany.ViatorChannelStrip",
					"JucePlugin_AAXManufacturerCode=JucePlugin_ManufacturerCode",
					"JucePlugin_AAXProductId=JucePlugin_PluginCode",
					"JucePlugin_AAXCategory=0",
					"JucePlugin_AAXDisableBypass=0",
					"JucePlugin_AAXDisableMultiMono=0",
					"JucePlugin_IAAType=0x61757278",
					"JucePlugin_IAASubType=JucePlugin_PluginCode",
					"JucePlugin_IAAName=\\\"Viator\\ DSP:\\ Viator\\ Channel\\ Strip\\\"",
					"JucePlugin_VSTNumMidiInputs=16",
					"JucePlugin_VSTNumMidiOutputs=16",
					"JUCE_STANDALONE_APPLICATION=JucePlugin_Build_Standalone",
					"JUCER_XCODE_MAC_F6D2F4CF=1",
					"JUCE_APP_VERSION=1.0.0",
					"JUCE_APP_VERSION_HEX=0x10000",
					"JUCE_SHARED_CODE=1",
				);
				GCC_VERSION = com.apple.compilers.llvm.clang.1_0;
				HEADER_SEARCH_PATHS = (
					"/Users/land00m/Documents/JUCE/modules/juce_audio_processors/format_types/VST3_SDK",
					"$(SRCROOT)/../../JuceLibraryCode",
					"/Users/land00m/Documents/JUCE/modules",
					"/Users/land00m/Documents/JUCE/modules/juce_audio_plugin_client",
					"$(inherited)",
				);
				INSTALL_PATH = "@executable_path/../Frameworks";
				MACOSX_DEPLOYMENT_TARGET = 10.11;
				MTL_HEADER_SEARCH_PATHS = (
					"/Users/land00m/Documents/JUCE/modules/juce_audio_processors/format_types/VST3_SDK",
					"$(SRCROOT)/../../JuceLibraryCode",
					"/Users/land00m/Documents/JUCE/modules",
					"/Users/land00m/Documents/JUCE/modules/juce_audio_plugin_client",
				);
				PRODUCT_BUNDLE_IDENTIFIER = com.yourcompany.ViatorChannelStrip;
				PRODUCT_NAME = "ViatorChannelStrip";
				SKIP_INSTALL = YES;
				USE_HEADERMAP = NO;
				VALID_ARCHS = "i386 x86_64 arm64 arm64e";
			};
			name = Debug;
		};
		686A3C16A088F04A3C805B7C = {
			isa = XCBuildConfiguration;
			buildSettings = {
				CLANG_CXX_LANGUAGE_STANDARD = "c++14";
				CLANG_CXX_LIBRARY = "libc++";
				CLANG_LINK_OBJC_RUNTIME = NO;
				CODE_SIGN_IDENTITY = "";
				COMBINE_HIDPI_IMAGES = YES;
				CONFIGURATION_BUILD_DIR = "$(PROJECT_DIR)/build/$(CONFIGURATION)";
				DEAD_CODE_STRIPPING = YES;
				GCC_GENERATE_DEBUGGING_SYMBOLS = NO;
				GCC_OPTIMIZATION_LEVEL = 3;
				GCC_PREPROCESSOR_DEFINITIONS = (
					"_NDEBUG=1",
					"NDEBUG=1",
					"JUCE_DISPLAY_SPLASH_SCREEN=1",
					"JUCE_USE_DARK_SPLASH_SCREEN=1",
					"JUCE_PROJUCER_VERSION=0x60007",
					"JUCE_MODULE_AVAILABLE_juce_audio_basics=1",
					"JUCE_MODULE_AVAILABLE_juce_audio_devices=1",
					"JUCE_MODULE_AVAILABLE_juce_audio_formats=1",
					"JUCE_MODULE_AVAILABLE_juce_audio_plugin_client=1",
					"JUCE_MODULE_AVAILABLE_juce_audio_processors=1",
					"JUCE_MODULE_AVAILABLE_juce_audio_utils=1",
					"JUCE_MODULE_AVAILABLE_juce_core=1",
					"JUCE_MODULE_AVAILABLE_juce_data_structures=1",
					"JUCE_MODULE_AVAILABLE_juce_dsp=1",
					"JUCE_MODULE_AVAILABLE_juce_events=1",
					"JUCE_MODULE_AVAILABLE_juce_graphics=1",
					"JUCE_MODULE_AVAILABLE_juce_gui_basics=1",
					"JUCE_MODULE_AVAILABLE_juce_gui_extra=1",
					"JUCE_GLOBAL_MODULE_SETTINGS_INCLUDED=1",
					"JUCE_VST3_CAN_REPLACE_VST2=0",
					"JUCE_STRICT_REFCOUNTEDPOINTER=1",
					"JucePlugin_Build_VST=0",
					"JucePlugin_Build_VST3=1",
					"JucePlugin_Build_AU=1",
					"JucePlugin_Build_AUv3=0",
					"JucePlugin_Build_RTAS=0",
					"JucePlugin_Build_AAX=0",
					"JucePlugin_Build_Standalone=1",
					"JucePlugin_Build_Unity=0",
					"JucePlugin_Enable_IAA=0",
					"JucePlugin_Name=\\\"Viator\\ Channel\\ Strip\\\"",
					"JucePlugin_Desc=\\\"ViatorChannelStrip\\\"",
					"JucePlugin_Manufacturer=\\\"Viator\\ DSP\\\"",
					"JucePlugin_ManufacturerWebsite=\\\"\\\"",
					"JucePlugin_ManufacturerEmail=\\\"\\\"",
					"JucePlugin_ManufacturerCode=0x4d616e75",
					"JucePlugin_PluginCode=0x4c367372",
					"JucePlugin_IsSynth=0",
					"JucePlugin_WantsMidiInput=0",
					"JucePlugin_ProducesMidiOutput=0",
					"JucePlugin_IsMidiEffect=0",
					"JucePlugin_EditorRequiresKeyboardFocus=0",
					"JucePlugin_Version=1.0.0",
					"JucePlugin_VersionCode=0x10000",
					"JucePlugin_VersionString=\\\"1.0.0\\\"",
					"JucePlugin_VSTUniqueID=JucePlugin_PluginCode",
					"JucePlugin_VSTCategory=kPlugCategEffect",
					"JucePlugin_Vst3Category=\\\"Fx\\\"",
					"JucePlugin_AUMainType='aufx'",
					"JucePlugin_AUSubType=JucePlugin_PluginCode",
					"JucePlugin_AUExportPrefix=ViatorChannelStripAU",
					"JucePlugin_AUExportPrefixQuoted=\\\"ViatorChannelStripAU\\\"",
					"JucePlugin_AUManufacturerCode=JucePlugin_ManufacturerCode",
					"JucePlugin_CFBundleIdentifier=com.yourcompany.ViatorChannelStrip",
					"JucePlugin_RTASCategory=0",
					"JucePlugin_RTASManufacturerCode=JucePlugin_ManufacturerCode",
					"JucePlugin_RTASProductId=JucePlugin_PluginCode",
					"JucePlugin_RTASDisableBypass=0",
					"JucePlugin_RTASDisableMultiMono=0",
					"JucePlugin_AAXIdentifier=com.yourcompany.ViatorChannelStrip",
					"JucePlugin_AAXManufacturerCode=JucePlugin_ManufacturerCode",
					"JucePlugin_AAXProductId=JucePlugin_PluginCode",
					"JucePlugin_AAXCategory=0",
					"JucePlugin_AAXDisableBypass=0",
					"JucePlugin_AAXDisableMultiMono=0",
					"JucePlugin_IAAType=0x61757278",
					"JucePlugin_IAASubType=JucePlugin_PluginCode",
					"JucePlugin_IAAName=\\\"Viator\\ DSP:\\ Viator\\ Channel\\ Strip\\\"",
					"JucePlugin_VSTNumMidiInputs=16",
					"JucePlugin_VSTNumMidiOutputs=16",
					"JUCE_STANDALONE_APPLICATION=JucePlugin_Build_Standalone",
					"JUCER_XCODE_MAC_F6D2F4CF=1",
					"JUCE_APP_VERSION=1.0.0",
					"JUCE_APP_VERSION_HEX=0x10000",
					"JUCE_SHARED_CODE=1",
				);
				GCC_VERSION = com.apple.compilers.llvm.clang.1_0;
				HEADER_SEARCH_PATHS = (
					"/Users/land00m/Documents/JUCE/modules/juce_audio_processors/format_types/VST3_SDK",
					"$(SRCROOT)/../../JuceLibraryCode",
					"/Users/land00m/Documents/JUCE/modules",
					"/Users/land00m/Documents/JUCE/modules/juce_audio_plugin_client",
					"$(inherited)",
				);
				INSTALL_PATH = "@executable_path/../Frameworks";
				LLVM_LTO = YES;
				MACOSX_DEPLOYMENT_TARGET = 10.11;
				MTL_HEADER_SEARCH_PATHS = (
					"/Users/land00m/Documents/JUCE/modules/juce_audio_processors/format_types/VST3_SDK",
					"$(SRCROOT)/../../JuceLibraryCode",
					"/Users/land00m/Documents/JUCE/modules",
					"/Users/land00m/Documents/JUCE/modules/juce_audio_plugin_client",
				);
				PRODUCT_BUNDLE_IDENTIFIER = com.yourcompany.ViatorChannelStrip;
				PRODUCT_NAME = "ViatorChannelStrip";
				SKIP_INSTALL = YES;
				USE_HEADERMAP = NO;
				VALID_ARCHS = "i386 x86_64 arm64 arm64e";
			};
			name = Release;
		};
		38B2F9A5D638E777988A0426 = {
			isa = XCBuildConfiguration;
			buildSettings = {
				ALWAYS_SEARCH_USER_PATHS = NO;
				CLANG_ENABLE_OBJC_WEAK = YES;
				CLANG_WARN_BLOCK_CAPTURE_AUTORELEASING = YES;
				CLANG_WARN_BOOL_CONVERSION = YES;
				CLANG_WARN_COMMA = YES;
				CLANG_WARN_CONSTANT_CONVERSION = YES;
				CLANG_WARN_DEPRECATED_OBJC_IMPLEMENTATIONS = YES;
				CLANG_WARN_EMPTY_BODY = YES;
				CLANG_WARN_ENUM_CONVERSION = YES;
				CLANG_WARN_INFINITE_RECURSION = YES;
				CLANG_WARN_INT_CONVERSION = YES;
				CLANG_WARN_NON_LITERAL_NULL_CONVERSION = YES;
				CLANG_WARN_OBJC_IMPLICIT_RETAIN_SELF = YES;
				CLANG_WARN_OBJC_LITERAL_CONVERSION = YES;
				CLANG_WARN_RANGE_LOOP_ANALYSIS = YES;
				CLANG_WARN_STRICT_PROTOTYPES = YES;
				CLANG_WARN_SUSPICIOUS_MOVE = YES;
				CLANG_WARN_UNREACHABLE_CODE = YES;
				CLANG_WARN__DUPLICATE_METHOD_MATCH = YES;
				CODE_SIGN_IDENTITY = "";
				DEBUG_INFORMATION_FORMAT = dwarf;
				ENABLE_STRICT_OBJC_MSGSEND = YES;
				ENABLE_TESTABILITY = NO;
				GCC_C_LANGUAGE_STANDARD = c11;
				GCC_INLINES_ARE_PRIVATE_EXTERN = YES;
				GCC_MODEL_TUNING = G5;
				GCC_NO_COMMON_BLOCKS = YES;
				GCC_SYMBOLS_PRIVATE_EXTERN = YES;
				GCC_WARN_64_TO_32_BIT_CONVERSION = YES;
				GCC_WARN_ABOUT_RETURN_TYPE = YES;
				GCC_WARN_CHECK_SWITCH_STATEMENTS = YES;
				GCC_WARN_MISSING_PARENTHESES = YES;
				GCC_WARN_NON_VIRTUAL_DESTRUCTOR = YES;
				GCC_WARN_TYPECHECK_CALLS_TO_PRINTF = YES;
				GCC_WARN_UNDECLARED_SELECTOR = YES;
				GCC_WARN_UNINITIALIZED_AUTOS = YES;
				GCC_WARN_UNUSED_FUNCTION = YES;
				GCC_WARN_UNUSED_VARIABLE = YES;
				ONLY_ACTIVE_ARCH = YES;
				PRODUCT_NAME = "ViatorChannelStrip";
				SDKROOT = macosx;
				WARNING_CFLAGS = "-Wreorder";
				ZERO_LINK = NO;
			};
			name = Debug;
		};
		93BB6FAC1346C694C98DC1C4 = {
			isa = XCBuildConfiguration;
			buildSettings = {
				ALWAYS_SEARCH_USER_PATHS = NO;
				CLANG_ENABLE_OBJC_WEAK = YES;
				CLANG_WARN_BLOCK_CAPTURE_AUTORELEASING = YES;
				CLANG_WARN_BOOL_CONVERSION = YES;
				CLANG_WARN_COMMA = YES;
				CLANG_WARN_CONSTANT_CONVERSION = YES;
				CLANG_WARN_DEPRECATED_OBJC_IMPLEMENTATIONS = YES;
				CLANG_WARN_EMPTY_BODY = YES;
				CLANG_WARN_ENUM_CONVERSION = YES;
				CLANG_WARN_INFINITE_RECURSION = YES;
				CLANG_WARN_INT_CONVERSION = YES;
				CLANG_WARN_NON_LITERAL_NULL_CONVERSION = YES;
				CLANG_WARN_OBJC_IMPLICIT_RETAIN_SELF = YES;
				CLANG_WARN_OBJC_LITERAL_CONVERSION = YES;
				CLANG_WARN_RANGE_LOOP_ANALYSIS = YES;
				CLANG_WARN_STRICT_PROTOTYPES = YES;
				CLANG_WARN_SUSPICIOUS_MOVE = YES;
				CLANG_WARN_UNREACHABLE_CODE = YES;
				CLANG_WARN__DUPLICATE_METHOD_MATCH = YES;
				CODE_SIGN_IDENTITY = "";
				DEBUG_INFORMATION_FORMAT = dwarf;
				ENABLE_STRICT_OBJC_MSGSEND = YES;
				ENABLE_TESTABILITY = NO;
				GCC_C_LANGUAGE_STANDARD = c11;
				GCC_INLINES_ARE_PRIVATE_EXTERN = YES;
				GCC_MODEL_TUNING = G5;
				GCC_NO_COMMON_BLOCKS = YES;
				GCC_SYMBOLS_PRIVATE_EXTERN = YES;
				GCC_WARN_64_TO_32_BIT_CONVERSION = YES;
				GCC_WARN_ABOUT_RETURN_TYPE = YES;
				GCC_WARN_CHECK_SWITCH_STATEMENTS = YES;
				GCC_WARN_MISSING_PARENTHESES = YES;
				GCC_WARN_NON_VIRTUAL_DESTRUCTOR = YES;
				GCC_WARN_TYPECHECK_CALLS_TO_PRINTF = YES;
				GCC_WARN_UNDECLARED_SELECTOR = YES;
				GCC_WARN_UNINITIALIZED_AUTOS = YES;
				GCC_WARN_UNUSED_FUNCTION = YES;
				GCC_WARN_UNUSED_VARIABLE = YES;
				PRODUCT_NAME = "ViatorChannelStrip";
				SDKROOT = macosx;
				WARNING_CFLAGS = "-Wreorder";
				ZERO_LINK = NO;
			};
			name = Release;
		};
		FCCC8710DC8388E81EC8C209 = {
			isa = XCConfigurationList;
			buildConfigurations = (
				38B2F9A5D638E777988A0426,
				93BB6FAC1346C694C98DC1C4,
			);
			defaultConfigurationIsVisible = 0;
			defaultConfigurationName = Debug;
		};
		89AF7A3AABA0DF36078B6023 = {
			isa = XCConfigurationList;
			buildConfigurations = (
				49AE7A17C5BAA41E51543995,
				8D8EBA82BC1E579B503F7831,
			);
			defaultConfigurationIsVisible = 0;
			defaultConfigurationName = Debug;
		};
		A5EE3267901F97F3DBBE8C1A = {
			isa = PBXAggregateTarget;
			buildConfigurationList = 89AF7A3AABA0DF36078B6023;
			buildPhases = ( );
			buildRules = ( );
			dependencies = (
				85E20E566D1F53B054430010,
				93FAD8105451A9F175ED9853,
				B6C6730683A95EA74B7C06BC,
				BD3C5EB154644F1D17FBD4CE,
			);
			name = "ViatorChannelStrip - All";
			productName = ViatorChannelStrip;
		};
		094855B6D73381C81A5E569C = {
			isa = XCConfigurationList;
			buildConfigurations = (
				875B9EC0D44D283B918A10D7,
				52211092EDB510C2402DBB7C,
			);
			defaultConfigurationIsVisible = 0;
			defaultConfigurationName = Debug;
		};
		2D3C0FCC76D0FE2460EA5CB9 = {
			isa = PBXResourcesBuildPhase;
			buildActionMask = 2147483647;
			files = (
				0DE280829C3C2E6C843D1352,
			);
			runOnlyForDeploymentPostprocessing = 0;
		};
		3FDA9E5690DB9715DB95CB16 = {
			isa = PBXSourcesBuildPhase;
			buildActionMask = 2147483647;
			files = (
				56730C38EC71B5734DDC2011,
			);
			runOnlyForDeploymentPostprocessing = 0;
		};
		2FA83E98E0479CF03620B10F = {
			isa = PBXFrameworksBuildPhase;
			buildActionMask = 2147483647;
			files = (
				FC9198A9E3E14C809FFC6143,
				AD7DCBA1DD8F6AE125F07D22,
				A3F49545C60E5A62ED010276,
				25CC400BB4F40F3BACE79C34,
				8AC6B70C33743B4F45053C55,
				A352A40BB68B3EB16D63D6F9,
				C97EA0E331E60A8379FC1DC3,
				5408FD109D7CD267A4D636DC,
				F7A119A8FF6867B9FF8E9786,
				59A773A6AA97BB324F251693,
				4C3A213956857F9BF3787CFF,
				3B797DB8A07D9E4FD70F6DB6,
			);
			runOnlyForDeploymentPostprocessing = 0;
		};
		DF4805C7A453710CA628BF4B = {
			isa = PBXNativeTarget;
			buildConfigurationList = 094855B6D73381C81A5E569C;
			buildPhases = (
				2D3C0FCC76D0FE2460EA5CB9,
				3FDA9E5690DB9715DB95CB16,
				2FA83E98E0479CF03620B10F,
			);
			buildRules = ( );
			dependencies = (
				206C08467B993E61B2025D39,
			);
			name = "ViatorChannelStrip - VST3";
			productName = ViatorChannelStrip;
			productReference = 2959B8600AEE90EEE0B9186F;
			productType = "com.apple.product-type.bundle";
		};
		A4CDA679488DC6C56158940A = {
			isa = XCConfigurationList;
			buildConfigurations = (
				70DC6EF97FD2CFFC3C0B6B88,
				61F7036376C956C3F0952CB2,
			);
			defaultConfigurationIsVisible = 0;
			defaultConfigurationName = Debug;
		};
		EE2360E968637D7C1298FBB8 = {
			isa = PBXResourcesBuildPhase;
			buildActionMask = 2147483647;
			files = (
				0DE280829C3C2E6C843D1352,
			);
			runOnlyForDeploymentPostprocessing = 0;
		};
		57E61FD4B45C34CA2A03AAC5 = {
			isa = PBXRezBuildPhase;
			buildActionMask = 2147483647;
			files = (
				9F96096D37F74F34FCE4E19D,
			);
			runOnlyForDeploymentPostprocessing = 0;
		};
		48ABD3699DC89945A5EF3578 = {
			isa = PBXSourcesBuildPhase;
			buildActionMask = 2147483647;
			files = (
				8FB19D3DEB83226B9FAD4330,
				DF82182C23E62C8D8FC6C890,
			);
			runOnlyForDeploymentPostprocessing = 0;
		};
		AF90FEC91DB437A9EB2A4833 = {
			isa = PBXFrameworksBuildPhase;
			buildActionMask = 2147483647;
			files = (
				CDD1209ACD0138D93ADD1D14,
				FC9198A9E3E14C809FFC6143,
				AD7DCBA1DD8F6AE125F07D22,
				A3F49545C60E5A62ED010276,
				25CC400BB4F40F3BACE79C34,
				8AC6B70C33743B4F45053C55,
				A352A40BB68B3EB16D63D6F9,
				C97EA0E331E60A8379FC1DC3,
				5408FD109D7CD267A4D636DC,
				F7A119A8FF6867B9FF8E9786,
				59A773A6AA97BB324F251693,
				4C3A213956857F9BF3787CFF,
				3B797DB8A07D9E4FD70F6DB6,
			);
			runOnlyForDeploymentPostprocessing = 0;
		};
		D2F74B04FA77D6DF2AF33220 = {
			isa = PBXNativeTarget;
			buildConfigurationList = A4CDA679488DC6C56158940A;
			buildPhases = (
				EE2360E968637D7C1298FBB8,
				57E61FD4B45C34CA2A03AAC5,
				48ABD3699DC89945A5EF3578,
				AF90FEC91DB437A9EB2A4833,
			);
			buildRules = ( );
			dependencies = (
				54B2AFCF5A3E4AC1B53B72E0,
			);
			name = "ViatorChannelStrip - AU";
			productName = ViatorChannelStrip;
			productReference = 5FBB217CBE4F0DA76A27CEA4;
			productType = "com.apple.product-type.bundle";
		};
		B5899F59BC77D8FDD54D0E0E = {
			isa = XCConfigurationList;
			buildConfigurations = (
				974375D8AC8986969BBBFE0F,
				07814CE49420E4B8BDE25892,
			);
			defaultConfigurationIsVisible = 0;
			defaultConfigurationName = Debug;
		};
		A1F105C025CC09450B3B54C3 = {
			isa = PBXResourcesBuildPhase;
			buildActionMask = 2147483647;
			files = (
				0DE280829C3C2E6C843D1352,
			);
			runOnlyForDeploymentPostprocessing = 0;
		};
		6849B5C140E7597223DC347C = {
			isa = PBXSourcesBuildPhase;
			buildActionMask = 2147483647;
			files = (
				6D09279D5038D4B2AFE7A752,
			);
			runOnlyForDeploymentPostprocessing = 0;
		};
		2654FBF0AEC7D216D12EE244 = {
			isa = PBXFrameworksBuildPhase;
			buildActionMask = 2147483647;
			files = (
				FC9198A9E3E14C809FFC6143,
				AD7DCBA1DD8F6AE125F07D22,
				A3F49545C60E5A62ED010276,
				25CC400BB4F40F3BACE79C34,
				8AC6B70C33743B4F45053C55,
				A352A40BB68B3EB16D63D6F9,
				C97EA0E331E60A8379FC1DC3,
				5408FD109D7CD267A4D636DC,
				F7A119A8FF6867B9FF8E9786,
				59A773A6AA97BB324F251693,
				4C3A213956857F9BF3787CFF,
				3B797DB8A07D9E4FD70F6DB6,
			);
			runOnlyForDeploymentPostprocessing = 0;
		};
		E3504E4A72695372F2E16AD2 = {
			isa = PBXNativeTarget;
			buildConfigurationList = B5899F59BC77D8FDD54D0E0E;
			buildPhases = (
				A1F105C025CC09450B3B54C3,
				6849B5C140E7597223DC347C,
				2654FBF0AEC7D216D12EE244,
			);
			buildRules = ( );
			dependencies = (
				A384B06CAAB78089D6E03539,
			);
			name = "ViatorChannelStrip - Standalone Plugin";
			productName = ViatorChannelStrip;
			productReference = 056ABB959E4D90C9DDEE7A74;
			productType = "com.apple.product-type.application";
		};
		347906B2FFA2C000C810B707 = {
			isa = XCConfigurationList;
			buildConfigurations = (
				95F6B2C5035BC25211D13278,
				686A3C16A088F04A3C805B7C,
			);
			defaultConfigurationIsVisible = 0;
			defaultConfigurationName = Debug;
		};
		DBCCCE5EB2CE581FC4659D9B = {
			isa = PBXSourcesBuildPhase;
			buildActionMask = 2147483647;
			files = (
				4426390DFB715CCA08A97B8F,
				15101E9F43333AEF29B3B25E,
				3604A2BBA71DE0D16F954132,
				AC8A1986AD9085B1F9DE262D,
				D022ED9A98528725AEB1DEEB,
				B42774ED9C28B65EAE139C9A,
				3D24DBDFB689BA0404AD221F,
				027447B3C3AE71FF2DD64F72,
				2D06F01404B710F7A48E6D4E,
				21394D1DF6F0351790EEA82D,
				B0D45F997241896504BE3F8D,
				C5854DE15EF7D1910F1D60A2,
				B8CF63C02E093AA649F81110,
				32811CC5A2BD7258DB7714FE,
				7B5D4F87D3D216708DED11D0,
				D6AC8F9BD2481C81714AFA1D,
			);
			runOnlyForDeploymentPostprocessing = 0;
		};
		02E47C5C7DDD75E7258F680A = {
			isa = PBXNativeTarget;
			buildConfigurationList = 347906B2FFA2C000C810B707;
			buildPhases = (
				DBCCCE5EB2CE581FC4659D9B,
			);
			buildRules = ( );
			dependencies = ( );
			name = "ViatorChannelStrip - Shared Code";
			productName = ViatorChannelStrip;
			productReference = 5B2FEF95824ECE0E988BF656;
			productType = "com.apple.product-type.library.static";
		};
		CC46DE327A0C8B7D57663AA4 = {
			isa = PBXProject;
			buildConfigurationList = FCCC8710DC8388E81EC8C209;
			attributes = { LastUpgradeCheck = 1230; ORGANIZATIONNAME = ""; TargetAttributes = { A5EE3267901F97F3DBBE8C1A = { SystemCapabilities = {com.apple.ApplicationGroups.iOS = { enabled = 0; }; com.apple.InAppPurchase = { enabled = 0; }; com.apple.InterAppAudio = { enabled = 0; }; com.apple.Push = { enabled = 0; }; com.apple.Sandbox = { enabled = 0; }; com.apple.HardenedRuntime = { enabled = 0; }; }; };DF4805C7A453710CA628BF4B = { SystemCapabilities = {com.apple.ApplicationGroups.iOS = { enabled = 0; }; com.apple.InAppPurchase = { enabled = 0; }; com.apple.InterAppAudio = { enabled = 0; }; com.apple.Push = { enabled = 0; }; com.apple.Sandbox = { enabled = 0; }; com.apple.HardenedRuntime = { enabled = 0; }; }; };D2F74B04FA77D6DF2AF33220 = { SystemCapabilities = {com.apple.ApplicationGroups.iOS = { enabled = 0; }; com.apple.InAppPurchase = { enabled = 0; }; com.apple.InterAppAudio = { enabled = 0; }; com.apple.Push = { enabled = 0; }; com.apple.Sandbox = { enabled = 0; }; com.apple.HardenedRuntime = { enabled = 0; }; }; };E3504E4A72695372F2E16AD2 = { SystemCapabilities = {com.apple.ApplicationGroups.iOS = { enabled = 0; }; com.apple.InAppPurchase = { enabled = 0; }; com.apple.InterAppAudio = { enabled = 0; }; com.apple.Push = { enabled = 0; }; com.apple.Sandbox = { enabled = 0; }; com.apple.HardenedRuntime = { enabled = 0; }; }; };02E47C5C7DDD75E7258F680A = { SystemCapabilities = {com.apple.ApplicationGroups.iOS = { enabled = 0; }; com.apple.InAppPurchase = { enabled = 0; }; com.apple.InterAppAudio = { enabled = 0; }; com.apple.Push = { enabled = 0; }; com.apple.Sandbox = { enabled = 0; }; com.apple.HardenedRuntime = { enabled = 0; }; }; }; }; };
			compatibilityVersion = "Xcode 3.2";
			hasScannedForEncodings = 0;
			mainGroup = 6751A3E712033C9A54714E08;
			projectDirPath = "";
			projectRoot = "";
			targets = (A5EE3267901F97F3DBBE8C1A, DF4805C7A453710CA628BF4B, D2F74B04FA77D6DF2AF33220, E3504E4A72695372F2E16AD2, 02E47C5C7DDD75E7258F680A);
			knownRegions = (en, Base);
		};
	};
	rootObject = CC46DE327A0C8B7D57663AA4;
}
